// !$*UTF8*$!
{
	archiveVersion = 1;
	classes = {
	};
	objectVersion = 46;
	objects = {

/* Begin PBXAggregateTarget section */
		8632D0931B6F077E74558FC5 /* Magical8bitPlug2 - All */ = {
			isa = PBXAggregateTarget;
			buildConfigurationList = 5669A79A0F6E2FE4EADC7A9A /* Build configuration list for PBXAggregateTarget "Magical8bitPlug2 - All" */;
			buildPhases = (
			);
			dependencies = (
				A6EE63292D10801216489AD0 /* PBXTargetDependency */,
				01D6554ACF6F7C92BFC42B78 /* PBXTargetDependency */,
				99635335886F813068534281 /* PBXTargetDependency */,
				FD7840DEDAEE4B9269EE7230 /* PBXTargetDependency */,
				C39E2F46A3D258DE3AC23784 /* PBXTargetDependency */,
			);
			name = "Magical8bitPlug2 - All";
			productName = Magical8bitPlug2;
		};
/* End PBXAggregateTarget section */

/* Begin PBXBuildFile section */
		01AC1609A8C3FDC62A50E453 /* VibratoParamsComponent.cpp in Sources */ = {isa = PBXBuildFile; fileRef = 2C6C5E9A111E284015EA3870 /* VibratoParamsComponent.cpp */; };
		06B76FCE9DEBA32A480A7E68 /* include_juce_gui_basics.mm in Sources */ = {isa = PBXBuildFile; fileRef = 8456C678C8261DA1F5626471 /* include_juce_gui_basics.mm */; };
		0FFB8267986685B9EA776516 /* CoreAudioKit.framework in Frameworks */ = {isa = PBXBuildFile; fileRef = D6E442C3F9710067EE534F96 /* CoreAudioKit.framework */; };
		177ACA5C1DF753F68F254FDC /* QuartzCore.framework in Frameworks */ = {isa = PBXBuildFile; fileRef = 0C509A7310C0C40072841EB2 /* QuartzCore.framework */; };
		1A73CB87C1E1F5AEE4633ED1 /* EnvelopeParamsComponent.cpp in Sources */ = {isa = PBXBuildFile; fileRef = F36552B3793E2FA13462FF8C /* EnvelopeParamsComponent.cpp */; };
		2651734F7FDCD443CEF8ED84 /* include_juce_audio_plugin_client_AU_2.mm in Sources */ = {isa = PBXBuildFile; fileRef = F3E3FF053824561816A6AF73 /* include_juce_audio_plugin_client_AU_2.mm */; };
		275E3B1726CAC96C050A9D5C /* BaseVoice.cpp in Sources */ = {isa = PBXBuildFile; fileRef = 0AA095ECBA2EE7A0E3AB6DB7 /* BaseVoice.cpp */; };
		2B4EDBBEF453F77BA8AAC4E7 /* include_juce_audio_utils.mm in Sources */ = {isa = PBXBuildFile; fileRef = AE8069D3EBF7E4694C3C0586 /* include_juce_audio_utils.mm */; };
		389BB80C7694468B3C245980 /* BendParamsComponent.cpp in Sources */ = {isa = PBXBuildFile; fileRef = 2A450E97E0053B7BB603D28D /* BendParamsComponent.cpp */; };
		39211FF7D9EB606B7212DB6A /* AdvancedParamsComponent.cpp in Sources */ = {isa = PBXBuildFile; fileRef = 66071717E315BAE8D9FE4414 /* AdvancedParamsComponent.cpp */; };
		392B9AF4BEAF6E434B4E8B2F /* FrameSequenceParser.cpp in Sources */ = {isa = PBXBuildFile; fileRef = 939E29666D52415105BF4CCD /* FrameSequenceParser.cpp */; };
		3C93A518B0DD7DA797DE84BE /* PulseParamsComponent.cpp in Sources */ = {isa = PBXBuildFile; fileRef = 1B552BC497D3BE706BD35B3D /* PulseParamsComponent.cpp */; };
		3D42693C4453A53D4D85850B /* IOKit.framework in Frameworks */ = {isa = PBXBuildFile; fileRef = C279C0628F1E2BF7F7E425BF /* IOKit.framework */; };
		3EA41CC4960E034449DAFB90 /* FrameSequenceParseErrors.cpp in Sources */ = {isa = PBXBuildFile; fileRef = C7878A02F74CBF638C0895AB /* FrameSequenceParseErrors.cpp */; };
		471EC27AC8B46A315B3FAEAC /* Icon.icns in Resources */ = {isa = PBXBuildFile; fileRef = 94A56AE1D4485D7BF31D339A /* Icon.icns */; };
		4C511227BCB2C933A4732A92 /* DiscRecording.framework in Frameworks */ = {isa = PBXBuildFile; fileRef = 244D16147C4425BE14ADFB16 /* DiscRecording.framework */; };
		4DD8EF18D01C008E3B0BD2A9 /* CoreMIDI.framework in Frameworks */ = {isa = PBXBuildFile; fileRef = E8F753CCD5472DAA716B575A /* CoreMIDI.framework */; };
		5100C3C97CE95C1832C1F789 /* include_juce_audio_plugin_client_utils.cpp in Sources */ = {isa = PBXBuildFile; fileRef = FD05EF24422CB64130FBF2ED /* include_juce_audio_plugin_client_utils.cpp */; };
		5355DD5F43F547D249FFCB31 /* include_juce_data_structures.mm in Sources */ = {isa = PBXBuildFile; fileRef = 31C461C9252084743BFE34DD /* include_juce_data_structures.mm */; };
		5377334F41B854B2115382C2 /* Accelerate.framework in Frameworks */ = {isa = PBXBuildFile; fileRef = B05A544BF3F328357CA4F4D0 /* Accelerate.framework */; };
		544A56149246A8EB5AD8AFD4 /* Cocoa.framework in Frameworks */ = {isa = PBXBuildFile; fileRef = D70440E6CFC2E6326B0CDE9F /* Cocoa.framework */; };
		58C4CC0A049539814F454E8E /* RecentFilesMenuTemplate.nib in Resources */ = {isa = PBXBuildFile; fileRef = 4AB56EE674420B9E60C23339 /* RecentFilesMenuTemplate.nib */; };
		5C6FBC0DEC4DFFB54D465582 /* include_juce_opengl.mm in Sources */ = {isa = PBXBuildFile; fileRef = 9458CFD329E72FEA915B6890 /* include_juce_opengl.mm */; };
		636E0E277752B2D4DBBD5A6E /* AudioToolbox.framework in Frameworks */ = {isa = PBXBuildFile; fileRef = 73BC1AC9E726B89FFA10359C /* AudioToolbox.framework */; };
		63F7563C507050BB1B177442 /* include_juce_audio_devices.mm in Sources */ = {isa = PBXBuildFile; fileRef = 496635E1298C568721A5FD62 /* include_juce_audio_devices.mm */; };
		640B147D37A061460A26FB0C /* TriangleVoice.cpp in Sources */ = {isa = PBXBuildFile; fileRef = B04E216095FCEC5359455B74 /* TriangleVoice.cpp */; };
		6553ACA3BC6DABD81CB33A22 /* include_juce_audio_formats.mm in Sources */ = {isa = PBXBuildFile; fileRef = 7E2659E4E292B0F360B64328 /* include_juce_audio_formats.mm */; };
		6572F304786159B142BE1F38 /* include_juce_audio_plugin_client_AU.r in Rez */ = {isa = PBXBuildFile; fileRef = DB5F4E1528DCFB85BD73A22C /* include_juce_audio_plugin_client_AU.r */; };
		66B9B2129BD1F79B465079D0 /* NoiseVoice.cpp in Sources */ = {isa = PBXBuildFile; fileRef = 18E41E1B055F35CC0E7D348E /* NoiseVoice.cpp */; };
		695E3E5A1C09BA3F0A21AB7D /* include_juce_audio_basics.mm in Sources */ = {isa = PBXBuildFile; fileRef = 8E8C19BD68EE15E89CA4F905 /* include_juce_audio_basics.mm */; };
		697081F59DFF364A5896533F /* CoreAudio.framework in Frameworks */ = {isa = PBXBuildFile; fileRef = 8DE5763A5B2B9965413797CA /* CoreAudio.framework */; };
		6E1B76AE61FC088E17519693 /* SweepParamsComponent.cpp in Sources */ = {isa = PBXBuildFile; fileRef = CB6E35BD2A334E975D4A6755 /* SweepParamsComponent.cpp */; };
		6FB6C2D5FC3CC1BC9F9497AB /* include_juce_audio_plugin_client_VST_utils.mm in Sources */ = {isa = PBXBuildFile; fileRef = 9B636F9D069DD4713E914FB5 /* include_juce_audio_plugin_client_VST_utils.mm */; };
		7859A5C00FCE3EF0EF33260A /* PluginProcessor.cpp in Sources */ = {isa = PBXBuildFile; fileRef = 1B560FA2D51BCFD54467EA0E /* PluginProcessor.cpp */; };
		80894A1532B8286BDE943C93 /* CheckBoxComponent.cpp in Sources */ = {isa = PBXBuildFile; fileRef = 7B5E7423BC1D56C9466951E1 /* CheckBoxComponent.cpp */; };
		80ED37427392828FF0728B0D /* include_juce_gui_extra.mm in Sources */ = {isa = PBXBuildFile; fileRef = 2E22414391D09A9494875190 /* include_juce_gui_extra.mm */; };
		837214F80726A494326971EA /* include_juce_graphics.mm in Sources */ = {isa = PBXBuildFile; fileRef = D89380CDEA9802446DC37526 /* include_juce_graphics.mm */; };
		899D81F1AC3B1334E81B9EDF /* SliderComponent.cpp in Sources */ = {isa = PBXBuildFile; fileRef = A999B15DE08438587D866A72 /* SliderComponent.cpp */; };
		8F9EFFEC0D87811F2FD4BED2 /* WebKit.framework in Frameworks */ = {isa = PBXBuildFile; fileRef = 71A07D46A2C4E69764DB7A29 /* WebKit.framework */; };
		90A79203FABF53A9CE8AB1CF /* include_juce_audio_plugin_client_Standalone.cpp in Sources */ = {isa = PBXBuildFile; fileRef = 26F4020F7DD7A32C00234EFC /* include_juce_audio_plugin_client_Standalone.cpp */; };
		99673F134B4846E8B7B70B9B /* include_juce_audio_processors.mm in Sources */ = {isa = PBXBuildFile; fileRef = 6D39BBE6C5E5B9E872E172AC /* include_juce_audio_processors.mm */; };
		9B7D7B12263BDB301733A8C6 /* TonalVoice.cpp in Sources */ = {isa = PBXBuildFile; fileRef = 81FEADCDC044F3B9B6F40E58 /* TonalVoice.cpp */; };
		A1482B371EEE624E227E83A3 /* AudioUnit.framework in Frameworks */ = {isa = PBXBuildFile; fileRef = B8F950BDE273697CE09F0019 /* AudioUnit.framework */; };
		A3904EAFD14A00794AA509DB /* NoiseParamsComponent.cpp in Sources */ = {isa = PBXBuildFile; fileRef = B781DA16BA631A82D9009A09 /* NoiseParamsComponent.cpp */; };
		A51BC9B9C4913B72C4518771 /* ColorScheme.cpp in Sources */ = {isa = PBXBuildFile; fileRef = 24615F29A97F1AE68BB2EBFA /* ColorScheme.cpp */; };
		A67653A704D778087065494A /* Settings.cpp in Sources */ = {isa = PBXBuildFile; fileRef = 7259E7593D17184B5200702B /* Settings.cpp */; };
		A79BB588E675AF1B27A47979 /* include_juce_core.mm in Sources */ = {isa = PBXBuildFile; fileRef = 24EEA3D98C5A67157128DEFD /* include_juce_core.mm */; };
		A8A9A11DB58113D96E1FF9E0 /* include_juce_cryptography.mm in Sources */ = {isa = PBXBuildFile; fileRef = AB367FDDCA8575DB4F1CE93B /* include_juce_cryptography.mm */; };
		AEF4C3F12E40707EFCCF38A6 /* BasicParamsComponent.cpp in Sources */ = {isa = PBXBuildFile; fileRef = 180EEB0E346AABFA00A06115 /* BasicParamsComponent.cpp */; };
		B852E41F5CF13EC7BF750800 /* ChoiceComponent.cpp in Sources */ = {isa = PBXBuildFile; fileRef = 6B3887D003C6A908F50D47C1 /* ChoiceComponent.cpp */; };
		C4E5DD5E698604C1BEDADE36 /* Voices.cpp in Sources */ = {isa = PBXBuildFile; fileRef = BFAADD95C9025A18AECBADDC /* Voices.cpp */; };
		C6A68E9AD876B8A9CCCB9355 /* BinaryData.cpp in Sources */ = {isa = PBXBuildFile; fileRef = 03ECBBD0C90616D23996E1AE /* BinaryData.cpp */; };
		C9A41B3D41ED45BF45D17758 /* include_juce_audio_plugin_client_AU_1.mm in Sources */ = {isa = PBXBuildFile; fileRef = 4BA37DE7391080191A97FFA1 /* include_juce_audio_plugin_client_AU_1.mm */; };
		CAD0FC6C0555FF7DD54361D9 /* Carbon.framework in Frameworks */ = {isa = PBXBuildFile; fileRef = E866D810E7F0A8034E6E0908 /* Carbon.framework */; };
		D65180F4399DCDD7F1524100 /* include_juce_audio_plugin_client_VST3.cpp in Sources */ = {isa = PBXBuildFile; fileRef = 608F504C6B2305C9955C536A /* include_juce_audio_plugin_client_VST3.cpp */; };
		D85D77F835C99ADD9E5ACE8D /* include_juce_audio_plugin_client_VST2.cpp in Sources */ = {isa = PBXBuildFile; fileRef = 8F6F66E1631CD9EEA846B658 /* include_juce_audio_plugin_client_VST2.cpp */; };
		DA406463C7F20232CFE84B80 /* OpenGL.framework in Frameworks */ = {isa = PBXBuildFile; fileRef = 8CB3B3034E84CC14ED237294 /* OpenGL.framework */; };
		DC46FF92D8F74E98346C6DA8 /* PluginEditor.cpp in Sources */ = {isa = PBXBuildFile; fileRef = E221C5483A817C754F12A8A0 /* PluginEditor.cpp */; };
		E261A4FF6098A0260B0031FE /* PulseVoice.cpp in Sources */ = {isa = PBXBuildFile; fileRef = 2C9932EF8F5418FA12AB5AE8 /* PulseVoice.cpp */; };
		E6FC3DA914B1BB8EF8D0EA1C /* CustomEnvelopeComponent.cpp in Sources */ = {isa = PBXBuildFile; fileRef = 3533F2156F6607F16188BD29 /* CustomEnvelopeComponent.cpp */; };
		F3C5C33D23F2388F00297587 /* RecentFilesMenuTemplate.nib in Resources */ = {isa = PBXBuildFile; fileRef = 4AB56EE674420B9E60C23339 /* RecentFilesMenuTemplate.nib */; };
		F3C5C33E23F2388F00297587 /* Icon.icns in Resources */ = {isa = PBXBuildFile; fileRef = 94A56AE1D4485D7BF31D339A /* Icon.icns */; };
		F3C5C33F23F2388F00297587 /* Accelerate.framework in Frameworks */ = {isa = PBXBuildFile; fileRef = B05A544BF3F328357CA4F4D0 /* Accelerate.framework */; };
		F3C5C34023F2388F00297587 /* AudioToolbox.framework in Frameworks */ = {isa = PBXBuildFile; fileRef = 73BC1AC9E726B89FFA10359C /* AudioToolbox.framework */; };
		F3C5C34123F2388F00297587 /* Carbon.framework in Frameworks */ = {isa = PBXBuildFile; fileRef = E866D810E7F0A8034E6E0908 /* Carbon.framework */; };
		F3C5C34223F2388F00297587 /* Cocoa.framework in Frameworks */ = {isa = PBXBuildFile; fileRef = D70440E6CFC2E6326B0CDE9F /* Cocoa.framework */; };
		F3C5C34323F2388F00297587 /* CoreAudio.framework in Frameworks */ = {isa = PBXBuildFile; fileRef = 8DE5763A5B2B9965413797CA /* CoreAudio.framework */; };
		F3C5C34423F2388F00297587 /* CoreAudioKit.framework in Frameworks */ = {isa = PBXBuildFile; fileRef = D6E442C3F9710067EE534F96 /* CoreAudioKit.framework */; };
		F3C5C34523F2388F00297587 /* CoreMIDI.framework in Frameworks */ = {isa = PBXBuildFile; fileRef = E8F753CCD5472DAA716B575A /* CoreMIDI.framework */; };
		F3C5C34623F2388F00297587 /* DiscRecording.framework in Frameworks */ = {isa = PBXBuildFile; fileRef = 244D16147C4425BE14ADFB16 /* DiscRecording.framework */; };
		F3C5C34723F2388F00297587 /* IOKit.framework in Frameworks */ = {isa = PBXBuildFile; fileRef = C279C0628F1E2BF7F7E425BF /* IOKit.framework */; };
		F3C5C34823F2388F00297587 /* OpenGL.framework in Frameworks */ = {isa = PBXBuildFile; fileRef = 8CB3B3034E84CC14ED237294 /* OpenGL.framework */; };
		F3C5C34923F2388F00297587 /* QuartzCore.framework in Frameworks */ = {isa = PBXBuildFile; fileRef = 0C509A7310C0C40072841EB2 /* QuartzCore.framework */; };
		F3C5C34A23F2388F00297587 /* WebKit.framework in Frameworks */ = {isa = PBXBuildFile; fileRef = 71A07D46A2C4E69764DB7A29 /* WebKit.framework */; };
		F3C5C34B23F2388F00297587 /* RecentFilesMenuTemplate.nib in Resources */ = {isa = PBXBuildFile; fileRef = 4AB56EE674420B9E60C23339 /* RecentFilesMenuTemplate.nib */; };
		F3C5C34C23F2388F00297587 /* Icon.icns in Resources */ = {isa = PBXBuildFile; fileRef = 94A56AE1D4485D7BF31D339A /* Icon.icns */; };
		F3C5C34D23F2388F00297587 /* Accelerate.framework in Frameworks */ = {isa = PBXBuildFile; fileRef = B05A544BF3F328357CA4F4D0 /* Accelerate.framework */; };
		F3C5C34E23F2388F00297587 /* AudioToolbox.framework in Frameworks */ = {isa = PBXBuildFile; fileRef = 73BC1AC9E726B89FFA10359C /* AudioToolbox.framework */; };
		F3C5C34F23F2388F00297587 /* Carbon.framework in Frameworks */ = {isa = PBXBuildFile; fileRef = E866D810E7F0A8034E6E0908 /* Carbon.framework */; };
		F3C5C35023F2388F00297587 /* Cocoa.framework in Frameworks */ = {isa = PBXBuildFile; fileRef = D70440E6CFC2E6326B0CDE9F /* Cocoa.framework */; };
		F3C5C35123F2388F00297587 /* CoreAudio.framework in Frameworks */ = {isa = PBXBuildFile; fileRef = 8DE5763A5B2B9965413797CA /* CoreAudio.framework */; };
		F3C5C35223F2388F00297587 /* CoreAudioKit.framework in Frameworks */ = {isa = PBXBuildFile; fileRef = D6E442C3F9710067EE534F96 /* CoreAudioKit.framework */; };
		F3C5C35323F2388F00297587 /* CoreMIDI.framework in Frameworks */ = {isa = PBXBuildFile; fileRef = E8F753CCD5472DAA716B575A /* CoreMIDI.framework */; };
		F3C5C35423F2388F00297587 /* DiscRecording.framework in Frameworks */ = {isa = PBXBuildFile; fileRef = 244D16147C4425BE14ADFB16 /* DiscRecording.framework */; };
		F3C5C35523F2388F00297587 /* IOKit.framework in Frameworks */ = {isa = PBXBuildFile; fileRef = C279C0628F1E2BF7F7E425BF /* IOKit.framework */; };
		F3C5C35623F2388F00297587 /* OpenGL.framework in Frameworks */ = {isa = PBXBuildFile; fileRef = 8CB3B3034E84CC14ED237294 /* OpenGL.framework */; };
		F3C5C35723F2388F00297587 /* QuartzCore.framework in Frameworks */ = {isa = PBXBuildFile; fileRef = 0C509A7310C0C40072841EB2 /* QuartzCore.framework */; };
		F3C5C35823F2388F00297587 /* WebKit.framework in Frameworks */ = {isa = PBXBuildFile; fileRef = 71A07D46A2C4E69764DB7A29 /* WebKit.framework */; };
		F3C5C35923F2388F00297587 /* RecentFilesMenuTemplate.nib in Resources */ = {isa = PBXBuildFile; fileRef = 4AB56EE674420B9E60C23339 /* RecentFilesMenuTemplate.nib */; };
		F3C5C35A23F2388F00297587 /* Icon.icns in Resources */ = {isa = PBXBuildFile; fileRef = 94A56AE1D4485D7BF31D339A /* Icon.icns */; };
		F3C5C35B23F2388F00297587 /* Accelerate.framework in Frameworks */ = {isa = PBXBuildFile; fileRef = B05A544BF3F328357CA4F4D0 /* Accelerate.framework */; };
		F3C5C35C23F2388F00297587 /* AudioToolbox.framework in Frameworks */ = {isa = PBXBuildFile; fileRef = 73BC1AC9E726B89FFA10359C /* AudioToolbox.framework */; };
		F3C5C35D23F2388F00297587 /* Carbon.framework in Frameworks */ = {isa = PBXBuildFile; fileRef = E866D810E7F0A8034E6E0908 /* Carbon.framework */; };
		F3C5C35E23F2388F00297587 /* Cocoa.framework in Frameworks */ = {isa = PBXBuildFile; fileRef = D70440E6CFC2E6326B0CDE9F /* Cocoa.framework */; };
		F3C5C35F23F2388F00297587 /* CoreAudio.framework in Frameworks */ = {isa = PBXBuildFile; fileRef = 8DE5763A5B2B9965413797CA /* CoreAudio.framework */; };
		F3C5C36023F2388F00297587 /* CoreAudioKit.framework in Frameworks */ = {isa = PBXBuildFile; fileRef = D6E442C3F9710067EE534F96 /* CoreAudioKit.framework */; };
		F3C5C36123F2388F00297587 /* CoreMIDI.framework in Frameworks */ = {isa = PBXBuildFile; fileRef = E8F753CCD5472DAA716B575A /* CoreMIDI.framework */; };
		F3C5C36223F2388F00297587 /* DiscRecording.framework in Frameworks */ = {isa = PBXBuildFile; fileRef = 244D16147C4425BE14ADFB16 /* DiscRecording.framework */; };
		F3C5C36323F2388F00297587 /* IOKit.framework in Frameworks */ = {isa = PBXBuildFile; fileRef = C279C0628F1E2BF7F7E425BF /* IOKit.framework */; };
		F3C5C36423F2388F00297587 /* OpenGL.framework in Frameworks */ = {isa = PBXBuildFile; fileRef = 8CB3B3034E84CC14ED237294 /* OpenGL.framework */; };
		F3C5C36523F2388F00297587 /* QuartzCore.framework in Frameworks */ = {isa = PBXBuildFile; fileRef = 0C509A7310C0C40072841EB2 /* QuartzCore.framework */; };
		F3C5C36623F2388F00297587 /* WebKit.framework in Frameworks */ = {isa = PBXBuildFile; fileRef = 71A07D46A2C4E69764DB7A29 /* WebKit.framework */; };
		F7C92048AFADBF2F63A8743C /* include_juce_events.mm in Sources */ = {isa = PBXBuildFile; fileRef = 8FBA0E03766BA17E78D84310 /* include_juce_events.mm */; };
/* End PBXBuildFile section */

/* Begin PBXContainerItemProxy section */
		F3C5C36723F2388F00297587 /* PBXContainerItemProxy */ = {
			isa = PBXContainerItemProxy;
			containerPortal = FB6EFE4C6F8351ACAA321332 /* Project object */;
			proxyType = 1;
			remoteGlobalIDString = 4BD9FA4437B99830F599F369;
			remoteInfo = "Magical8bitPlug2 - Shared Code";
		};
		F3C5C36823F2388F00297587 /* PBXContainerItemProxy */ = {
			isa = PBXContainerItemProxy;
			containerPortal = FB6EFE4C6F8351ACAA321332 /* Project object */;
			proxyType = 1;
			remoteGlobalIDString = AAB30BB93041436A728367F3;
			remoteInfo = "Magical8bitPlug2 - VST";
		};
		F3C5C36923F2388F00297587 /* PBXContainerItemProxy */ = {
			isa = PBXContainerItemProxy;
			containerPortal = FB6EFE4C6F8351ACAA321332 /* Project object */;
			proxyType = 1;
			remoteGlobalIDString = 88ECACF925AD4B74B3589E5A;
			remoteInfo = "Magical8bitPlug2 - VST3";
		};
		F3C5C36A23F2388F00297587 /* PBXContainerItemProxy */ = {
			isa = PBXContainerItemProxy;
			containerPortal = FB6EFE4C6F8351ACAA321332 /* Project object */;
			proxyType = 1;
			remoteGlobalIDString = 60666BAAA387D89139A4EE6C;
			remoteInfo = "Magical8bitPlug2 - AU";
		};
		F3C5C36B23F2388F00297587 /* PBXContainerItemProxy */ = {
			isa = PBXContainerItemProxy;
			containerPortal = FB6EFE4C6F8351ACAA321332 /* Project object */;
			proxyType = 1;
			remoteGlobalIDString = B5587C5653602A557779BD29;
			remoteInfo = "Magical8bitPlug2 - Standalone Plugin";
		};
/* End PBXContainerItemProxy section */

/* Begin PBXFileReference section */
		02853F19D8488E185FB79E96 /* Defs.h */ = {isa = PBXFileReference; lastKnownFileType = sourcecode.c.h; name = Defs.h; path = ../../Source/Defs.h; sourceTree = SOURCE_ROOT; };
		03E77047C4F603A87D97C443 /* ChoiceComponent.h */ = {isa = PBXFileReference; lastKnownFileType = sourcecode.c.h; name = ChoiceComponent.h; path = ../../Source/ChoiceComponent.h; sourceTree = SOURCE_ROOT; };
		03ECBBD0C90616D23996E1AE /* BinaryData.cpp */ = {isa = PBXFileReference; lastKnownFileType = sourcecode.cpp.cpp; name = BinaryData.cpp; path = ../../JuceLibraryCode/BinaryData.cpp; sourceTree = SOURCE_ROOT; };
		079F0C45B207DA48EE9A78B2 /* FrameSequenceParseErrors.h */ = {isa = PBXFileReference; lastKnownFileType = sourcecode.c.h; name = FrameSequenceParseErrors.h; path = ../../Source/FrameSequenceParseErrors.h; sourceTree = SOURCE_ROOT; };
		099DDB5C176E0B04A3D6BE07 /* JuceHeader.h */ = {isa = PBXFileReference; lastKnownFileType = sourcecode.c.h; name = JuceHeader.h; path = ../../JuceLibraryCode/JuceHeader.h; sourceTree = SOURCE_ROOT; };
		0AA095ECBA2EE7A0E3AB6DB7 /* BaseVoice.cpp */ = {isa = PBXFileReference; lastKnownFileType = sourcecode.cpp.cpp; name = BaseVoice.cpp; path = ../../Source/BaseVoice.cpp; sourceTree = SOURCE_ROOT; };
		0B7E8A4D54EE56B307F21CCF /* NoiseParamsComponent.h */ = {isa = PBXFileReference; lastKnownFileType = sourcecode.c.h; name = NoiseParamsComponent.h; path = ../../Source/NoiseParamsComponent.h; sourceTree = SOURCE_ROOT; };
		0C509A7310C0C40072841EB2 /* QuartzCore.framework */ = {isa = PBXFileReference; lastKnownFileType = wrapper.framework; name = QuartzCore.framework; path = System/Library/Frameworks/QuartzCore.framework; sourceTree = SDKROOT; };
		0E9641C7B8772850D254479E /* TonalVoice.h */ = {isa = PBXFileReference; lastKnownFileType = sourcecode.c.h; name = TonalVoice.h; path = ../../Source/TonalVoice.h; sourceTree = SOURCE_ROOT; };
		11030E80FBB153B52381428E /* juce_audio_processors */ = {isa = PBXFileReference; lastKnownFileType = folder; name = juce_audio_processors; path = /Applications/JUCE/modules/juce_audio_processors; sourceTree = "<absolute>"; };
		11EFC2C5E3CF72FAA9CDEADB /* VibratoParamsComponent.h */ = {isa = PBXFileReference; lastKnownFileType = sourcecode.c.h; name = VibratoParamsComponent.h; path = ../../Source/VibratoParamsComponent.h; sourceTree = SOURCE_ROOT; };
		180EEB0E346AABFA00A06115 /* BasicParamsComponent.cpp */ = {isa = PBXFileReference; lastKnownFileType = sourcecode.cpp.cpp; name = BasicParamsComponent.cpp; path = ../../Source/BasicParamsComponent.cpp; sourceTree = SOURCE_ROOT; };
		18E41E1B055F35CC0E7D348E /* NoiseVoice.cpp */ = {isa = PBXFileReference; lastKnownFileType = sourcecode.cpp.cpp; name = NoiseVoice.cpp; path = ../../Source/NoiseVoice.cpp; sourceTree = SOURCE_ROOT; };
		19F32236E2499A0A85090390 /* libMagical8bitPlug2.a */ = {isa = PBXFileReference; explicitFileType = archive.ar; includeInIndex = 0; path = libMagical8bitPlug2.a; sourceTree = BUILT_PRODUCTS_DIR; };
		1A43A094811C4B22DC350E88 /* AppConfig.h */ = {isa = PBXFileReference; lastKnownFileType = sourcecode.c.h; name = AppConfig.h; path = ../../JuceLibraryCode/AppConfig.h; sourceTree = SOURCE_ROOT; };
		1A57F2FBD3B0D08C4B1BB1FD /* Info-VST3.plist */ = {isa = PBXFileReference; lastKnownFileType = text.plist.xml; path = "Info-VST3.plist"; sourceTree = SOURCE_ROOT; };
		1B552BC497D3BE706BD35B3D /* PulseParamsComponent.cpp */ = {isa = PBXFileReference; lastKnownFileType = sourcecode.cpp.cpp; name = PulseParamsComponent.cpp; path = ../../Source/PulseParamsComponent.cpp; sourceTree = SOURCE_ROOT; };
		1B560FA2D51BCFD54467EA0E /* PluginProcessor.cpp */ = {isa = PBXFileReference; lastKnownFileType = sourcecode.cpp.cpp; name = PluginProcessor.cpp; path = ../../Source/PluginProcessor.cpp; sourceTree = SOURCE_ROOT; };
		1E193013008BA2DC4EDFCDF5 /* juce_data_structures */ = {isa = PBXFileReference; lastKnownFileType = folder; name = juce_data_structures; path = /Applications/JUCE/modules/juce_data_structures; sourceTree = "<absolute>"; };
		1FFFE9D6670AB65D77BB93DE /* AdvancedParamsComponent.h */ = {isa = PBXFileReference; lastKnownFileType = sourcecode.c.h; name = AdvancedParamsComponent.h; path = ../../Source/AdvancedParamsComponent.h; sourceTree = SOURCE_ROOT; };
		244D16147C4425BE14ADFB16 /* DiscRecording.framework */ = {isa = PBXFileReference; lastKnownFileType = wrapper.framework; name = DiscRecording.framework; path = System/Library/Frameworks/DiscRecording.framework; sourceTree = SDKROOT; };
		24615F29A97F1AE68BB2EBFA /* ColorScheme.cpp */ = {isa = PBXFileReference; lastKnownFileType = sourcecode.cpp.cpp; name = ColorScheme.cpp; path = ../../Source/ColorScheme.cpp; sourceTree = SOURCE_ROOT; };
		24EEA3D98C5A67157128DEFD /* include_juce_core.mm */ = {isa = PBXFileReference; lastKnownFileType = sourcecode.cpp.objcpp; name = include_juce_core.mm; path = ../../JuceLibraryCode/include_juce_core.mm; sourceTree = SOURCE_ROOT; };
		26F4020F7DD7A32C00234EFC /* include_juce_audio_plugin_client_Standalone.cpp */ = {isa = PBXFileReference; lastKnownFileType = sourcecode.cpp.cpp; name = include_juce_audio_plugin_client_Standalone.cpp; path = ../../JuceLibraryCode/include_juce_audio_plugin_client_Standalone.cpp; sourceTree = SOURCE_ROOT; };
		2A450E97E0053B7BB603D28D /* BendParamsComponent.cpp */ = {isa = PBXFileReference; lastKnownFileType = sourcecode.cpp.cpp; name = BendParamsComponent.cpp; path = ../../Source/BendParamsComponent.cpp; sourceTree = SOURCE_ROOT; };
		2C6C5E9A111E284015EA3870 /* VibratoParamsComponent.cpp */ = {isa = PBXFileReference; lastKnownFileType = sourcecode.cpp.cpp; name = VibratoParamsComponent.cpp; path = ../../Source/VibratoParamsComponent.cpp; sourceTree = SOURCE_ROOT; };
		2C9932EF8F5418FA12AB5AE8 /* PulseVoice.cpp */ = {isa = PBXFileReference; lastKnownFileType = sourcecode.cpp.cpp; name = PulseVoice.cpp; path = ../../Source/PulseVoice.cpp; sourceTree = SOURCE_ROOT; };
		2E22414391D09A9494875190 /* include_juce_gui_extra.mm */ = {isa = PBXFileReference; lastKnownFileType = sourcecode.cpp.objcpp; name = include_juce_gui_extra.mm; path = ../../JuceLibraryCode/include_juce_gui_extra.mm; sourceTree = SOURCE_ROOT; };
		31C461C9252084743BFE34DD /* include_juce_data_structures.mm */ = {isa = PBXFileReference; lastKnownFileType = sourcecode.cpp.objcpp; name = include_juce_data_structures.mm; path = ../../JuceLibraryCode/include_juce_data_structures.mm; sourceTree = SOURCE_ROOT; };
		3361E7A446D5AF80B6FDE5E0 /* BendParamsComponent.h */ = {isa = PBXFileReference; lastKnownFileType = sourcecode.c.h; name = BendParamsComponent.h; path = ../../Source/BendParamsComponent.h; sourceTree = SOURCE_ROOT; };
		3533F2156F6607F16188BD29 /* CustomEnvelopeComponent.cpp */ = {isa = PBXFileReference; lastKnownFileType = sourcecode.cpp.cpp; name = CustomEnvelopeComponent.cpp; path = ../../Source/CustomEnvelopeComponent.cpp; sourceTree = SOURCE_ROOT; };
		36491BCDF29B0BF5AAA72013 /* ColorScheme.h */ = {isa = PBXFileReference; lastKnownFileType = sourcecode.c.h; name = ColorScheme.h; path = ../../Source/ColorScheme.h; sourceTree = SOURCE_ROOT; };
		452AE5747834120ED60EE542 /* BinaryData.h */ = {isa = PBXFileReference; lastKnownFileType = sourcecode.c.h; name = BinaryData.h; path = ../../JuceLibraryCode/BinaryData.h; sourceTree = SOURCE_ROOT; };
		4838C8EB90DBE6678B936D6F /* PulseVoice.h */ = {isa = PBXFileReference; lastKnownFileType = sourcecode.c.h; name = PulseVoice.h; path = ../../Source/PulseVoice.h; sourceTree = SOURCE_ROOT; };
		496635E1298C568721A5FD62 /* include_juce_audio_devices.mm */ = {isa = PBXFileReference; lastKnownFileType = sourcecode.cpp.objcpp; name = include_juce_audio_devices.mm; path = ../../JuceLibraryCode/include_juce_audio_devices.mm; sourceTree = SOURCE_ROOT; };
		4AB56EE674420B9E60C23339 /* RecentFilesMenuTemplate.nib */ = {isa = PBXFileReference; lastKnownFileType = file.nib; path = RecentFilesMenuTemplate.nib; sourceTree = SOURCE_ROOT; };
		4B51ADC1DB96DE4BB3D7BBF2 /* TriangleVoice.h */ = {isa = PBXFileReference; lastKnownFileType = sourcecode.c.h; name = TriangleVoice.h; path = ../../Source/TriangleVoice.h; sourceTree = SOURCE_ROOT; };
		4BA37DE7391080191A97FFA1 /* include_juce_audio_plugin_client_AU_1.mm */ = {isa = PBXFileReference; lastKnownFileType = sourcecode.cpp.objcpp; name = include_juce_audio_plugin_client_AU_1.mm; path = ../../JuceLibraryCode/include_juce_audio_plugin_client_AU_1.mm; sourceTree = SOURCE_ROOT; };
		4BF5DD4CA6E0A6F81E927449 /* CustomEnvelopeComponent.h */ = {isa = PBXFileReference; lastKnownFileType = sourcecode.c.h; name = CustomEnvelopeComponent.h; path = ../../Source/CustomEnvelopeComponent.h; sourceTree = SOURCE_ROOT; };
		56F142448952B57373F60687 /* BaseVoice.h */ = {isa = PBXFileReference; lastKnownFileType = sourcecode.c.h; name = BaseVoice.h; path = ../../Source/BaseVoice.h; sourceTree = SOURCE_ROOT; };
		608F504C6B2305C9955C536A /* include_juce_audio_plugin_client_VST3.cpp */ = {isa = PBXFileReference; lastKnownFileType = sourcecode.cpp.cpp; name = include_juce_audio_plugin_client_VST3.cpp; path = ../../JuceLibraryCode/include_juce_audio_plugin_client_VST3.cpp; sourceTree = SOURCE_ROOT; };
		65B302C186ECE52349DFCC81 /* FrameSequence.h */ = {isa = PBXFileReference; lastKnownFileType = sourcecode.c.h; name = FrameSequence.h; path = ../../Source/FrameSequence.h; sourceTree = SOURCE_ROOT; };
		66071717E315BAE8D9FE4414 /* AdvancedParamsComponent.cpp */ = {isa = PBXFileReference; lastKnownFileType = sourcecode.cpp.cpp; name = AdvancedParamsComponent.cpp; path = ../../Source/AdvancedParamsComponent.cpp; sourceTree = SOURCE_ROOT; };
		672940C861E94654B20EE0FF /* Settings.h */ = {isa = PBXFileReference; lastKnownFileType = sourcecode.c.h; name = Settings.h; path = ../../Source/Settings.h; sourceTree = SOURCE_ROOT; };
		67DB2DED6394C7B579EBE35B /* juce_audio_formats */ = {isa = PBXFileReference; lastKnownFileType = folder; name = juce_audio_formats; path = /Applications/JUCE/modules/juce_audio_formats; sourceTree = "<absolute>"; };
		689DCFF988E2873DB417E974 /* juce_core */ = {isa = PBXFileReference; lastKnownFileType = folder; name = juce_core; path = /Applications/JUCE/modules/juce_core; sourceTree = "<absolute>"; };
		6B052A7AB8D4718C7137E92F /* FrameSequenceParser.h */ = {isa = PBXFileReference; lastKnownFileType = sourcecode.c.h; name = FrameSequenceParser.h; path = ../../Source/FrameSequenceParser.h; sourceTree = SOURCE_ROOT; };
		6B3887D003C6A908F50D47C1 /* ChoiceComponent.cpp */ = {isa = PBXFileReference; lastKnownFileType = sourcecode.cpp.cpp; name = ChoiceComponent.cpp; path = ../../Source/ChoiceComponent.cpp; sourceTree = SOURCE_ROOT; };
		6B93641432ACFC711A9C04C6 /* PulseParamsComponent.h */ = {isa = PBXFileReference; lastKnownFileType = sourcecode.c.h; name = PulseParamsComponent.h; path = ../../Source/PulseParamsComponent.h; sourceTree = SOURCE_ROOT; };
		6C45AEA47507E7FA2EDDAEA1 /* CheckBoxComponent.h */ = {isa = PBXFileReference; lastKnownFileType = sourcecode.c.h; name = CheckBoxComponent.h; path = ../../Source/CheckBoxComponent.h; sourceTree = SOURCE_ROOT; };
		6D39BBE6C5E5B9E872E172AC /* include_juce_audio_processors.mm */ = {isa = PBXFileReference; lastKnownFileType = sourcecode.cpp.objcpp; name = include_juce_audio_processors.mm; path = ../../JuceLibraryCode/include_juce_audio_processors.mm; sourceTree = SOURCE_ROOT; };
		6F3A3974857436854287AC1F /* juce_audio_basics */ = {isa = PBXFileReference; lastKnownFileType = folder; name = juce_audio_basics; path = /Applications/JUCE/modules/juce_audio_basics; sourceTree = "<absolute>"; };
		6F7F826B711DF965749A2FD8 /* Magical8bitPlug2.component */ = {isa = PBXFileReference; explicitFileType = wrapper.cfbundle; includeInIndex = 0; path = Magical8bitPlug2.component; sourceTree = BUILT_PRODUCTS_DIR; };
		6FC0CA5BBBC1F7658FB5E694 /* juce_opengl */ = {isa = PBXFileReference; lastKnownFileType = folder; name = juce_opengl; path = /Applications/JUCE/modules/juce_opengl; sourceTree = "<absolute>"; };
		71A07D46A2C4E69764DB7A29 /* WebKit.framework */ = {isa = PBXFileReference; lastKnownFileType = wrapper.framework; name = WebKit.framework; path = System/Library/Frameworks/WebKit.framework; sourceTree = SDKROOT; };
		72404BEF36BFC137FE719119 /* Magical8bitPlug2.vst3 */ = {isa = PBXFileReference; explicitFileType = wrapper.cfbundle; includeInIndex = 0; path = Magical8bitPlug2.vst3; sourceTree = BUILT_PRODUCTS_DIR; };
		7259E7593D17184B5200702B /* Settings.cpp */ = {isa = PBXFileReference; lastKnownFileType = sourcecode.cpp.cpp; name = Settings.cpp; path = ../../Source/Settings.cpp; sourceTree = SOURCE_ROOT; };
		73BC1AC9E726B89FFA10359C /* AudioToolbox.framework */ = {isa = PBXFileReference; lastKnownFileType = wrapper.framework; name = AudioToolbox.framework; path = System/Library/Frameworks/AudioToolbox.framework; sourceTree = SDKROOT; };
		7B5E7423BC1D56C9466951E1 /* CheckBoxComponent.cpp */ = {isa = PBXFileReference; lastKnownFileType = sourcecode.cpp.cpp; name = CheckBoxComponent.cpp; path = ../../Source/CheckBoxComponent.cpp; sourceTree = SOURCE_ROOT; };
		7E2659E4E292B0F360B64328 /* include_juce_audio_formats.mm */ = {isa = PBXFileReference; lastKnownFileType = sourcecode.cpp.objcpp; name = include_juce_audio_formats.mm; path = ../../JuceLibraryCode/include_juce_audio_formats.mm; sourceTree = SOURCE_ROOT; };
		7FA8B290188CA4E87ACDF355 /* Magical8bitPlug2.app */ = {isa = PBXFileReference; explicitFileType = wrapper.application; includeInIndex = 0; path = Magical8bitPlug2.app; sourceTree = BUILT_PRODUCTS_DIR; };
		810E0DCC0C77E2ACD1C22900 /* juce_events */ = {isa = PBXFileReference; lastKnownFileType = folder; name = juce_events; path = /Applications/JUCE/modules/juce_events; sourceTree = "<absolute>"; };
		81FEADCDC044F3B9B6F40E58 /* TonalVoice.cpp */ = {isa = PBXFileReference; lastKnownFileType = sourcecode.cpp.cpp; name = TonalVoice.cpp; path = ../../Source/TonalVoice.cpp; sourceTree = SOURCE_ROOT; };
		8456C678C8261DA1F5626471 /* include_juce_gui_basics.mm */ = {isa = PBXFileReference; lastKnownFileType = sourcecode.cpp.objcpp; name = include_juce_gui_basics.mm; path = ../../JuceLibraryCode/include_juce_gui_basics.mm; sourceTree = SOURCE_ROOT; };
		88587A8CEE18833911E78691 /* EnvelopeParamsComponent.h */ = {isa = PBXFileReference; lastKnownFileType = sourcecode.c.h; name = EnvelopeParamsComponent.h; path = ../../Source/EnvelopeParamsComponent.h; sourceTree = SOURCE_ROOT; };
		8ABED5CE19EA59EF0A729011 /* icon-256.png */ = {isa = PBXFileReference; lastKnownFileType = image.png; name = "icon-256.png"; path = "../../Resources/icon-256.png"; sourceTree = SOURCE_ROOT; };
		8C3AC7388B825801B24824C6 /* juce_audio_plugin_client */ = {isa = PBXFileReference; lastKnownFileType = folder; name = juce_audio_plugin_client; path = /Applications/JUCE/modules/juce_audio_plugin_client; sourceTree = "<absolute>"; };
		8CB3B3034E84CC14ED237294 /* OpenGL.framework */ = {isa = PBXFileReference; lastKnownFileType = wrapper.framework; name = OpenGL.framework; path = System/Library/Frameworks/OpenGL.framework; sourceTree = SDKROOT; };
		8DE5763A5B2B9965413797CA /* CoreAudio.framework */ = {isa = PBXFileReference; lastKnownFileType = wrapper.framework; name = CoreAudio.framework; path = System/Library/Frameworks/CoreAudio.framework; sourceTree = SDKROOT; };
		8E8C19BD68EE15E89CA4F905 /* include_juce_audio_basics.mm */ = {isa = PBXFileReference; lastKnownFileType = sourcecode.cpp.objcpp; name = include_juce_audio_basics.mm; path = ../../JuceLibraryCode/include_juce_audio_basics.mm; sourceTree = SOURCE_ROOT; };
		8F6F66E1631CD9EEA846B658 /* include_juce_audio_plugin_client_VST2.cpp */ = {isa = PBXFileReference; lastKnownFileType = sourcecode.cpp.cpp; name = include_juce_audio_plugin_client_VST2.cpp; path = ../../JuceLibraryCode/include_juce_audio_plugin_client_VST2.cpp; sourceTree = SOURCE_ROOT; };
		8F90564D28D60AC5EF1806FF /* juce_cryptography */ = {isa = PBXFileReference; lastKnownFileType = folder; name = juce_cryptography; path = /Applications/JUCE/modules/juce_cryptography; sourceTree = "<absolute>"; };
		8FBA0E03766BA17E78D84310 /* include_juce_events.mm */ = {isa = PBXFileReference; lastKnownFileType = sourcecode.cpp.objcpp; name = include_juce_events.mm; path = ../../JuceLibraryCode/include_juce_events.mm; sourceTree = SOURCE_ROOT; };
		914D68ABDF069BCDA6992DCC /* Magical8bitPlug2.vst */ = {isa = PBXFileReference; explicitFileType = wrapper.cfbundle; includeInIndex = 0; path = Magical8bitPlug2.vst; sourceTree = BUILT_PRODUCTS_DIR; };
		939E29666D52415105BF4CCD /* FrameSequenceParser.cpp */ = {isa = PBXFileReference; lastKnownFileType = sourcecode.cpp.cpp; name = FrameSequenceParser.cpp; path = ../../Source/FrameSequenceParser.cpp; sourceTree = SOURCE_ROOT; };
		9458CFD329E72FEA915B6890 /* include_juce_opengl.mm */ = {isa = PBXFileReference; lastKnownFileType = sourcecode.cpp.objcpp; name = include_juce_opengl.mm; path = ../../JuceLibraryCode/include_juce_opengl.mm; sourceTree = SOURCE_ROOT; };
		94A56AE1D4485D7BF31D339A /* Icon.icns */ = {isa = PBXFileReference; lastKnownFileType = file.icns; path = Icon.icns; sourceTree = SOURCE_ROOT; };
		9B636F9D069DD4713E914FB5 /* include_juce_audio_plugin_client_VST_utils.mm */ = {isa = PBXFileReference; lastKnownFileType = sourcecode.cpp.objcpp; name = include_juce_audio_plugin_client_VST_utils.mm; path = ../../JuceLibraryCode/include_juce_audio_plugin_client_VST_utils.mm; sourceTree = SOURCE_ROOT; };
		A999B15DE08438587D866A72 /* SliderComponent.cpp */ = {isa = PBXFileReference; lastKnownFileType = sourcecode.cpp.cpp; name = SliderComponent.cpp; path = ../../Source/SliderComponent.cpp; sourceTree = SOURCE_ROOT; };
		AB367FDDCA8575DB4F1CE93B /* include_juce_cryptography.mm */ = {isa = PBXFileReference; lastKnownFileType = sourcecode.cpp.objcpp; name = include_juce_cryptography.mm; path = ../../JuceLibraryCode/include_juce_cryptography.mm; sourceTree = SOURCE_ROOT; };
		AE8069D3EBF7E4694C3C0586 /* include_juce_audio_utils.mm */ = {isa = PBXFileReference; lastKnownFileType = sourcecode.cpp.objcpp; name = include_juce_audio_utils.mm; path = ../../JuceLibraryCode/include_juce_audio_utils.mm; sourceTree = SOURCE_ROOT; };
		B04E216095FCEC5359455B74 /* TriangleVoice.cpp */ = {isa = PBXFileReference; lastKnownFileType = sourcecode.cpp.cpp; name = TriangleVoice.cpp; path = ../../Source/TriangleVoice.cpp; sourceTree = SOURCE_ROOT; };
		B05A544BF3F328357CA4F4D0 /* Accelerate.framework */ = {isa = PBXFileReference; lastKnownFileType = wrapper.framework; name = Accelerate.framework; path = System/Library/Frameworks/Accelerate.framework; sourceTree = SDKROOT; };
		B0A180F1305BAA3DD9A53CBF /* PluginEditor.h */ = {isa = PBXFileReference; lastKnownFileType = sourcecode.c.h; name = PluginEditor.h; path = ../../Source/PluginEditor.h; sourceTree = SOURCE_ROOT; };
		B15CC2F445A52679E5C0EF77 /* SliderComponent.h */ = {isa = PBXFileReference; lastKnownFileType = sourcecode.c.h; name = SliderComponent.h; path = ../../Source/SliderComponent.h; sourceTree = SOURCE_ROOT; };
		B71EF8043D5D4628EA6B2207 /* juce_graphics */ = {isa = PBXFileReference; lastKnownFileType = folder; name = juce_graphics; path = /Applications/JUCE/modules/juce_graphics; sourceTree = "<absolute>"; };
		B781DA16BA631A82D9009A09 /* NoiseParamsComponent.cpp */ = {isa = PBXFileReference; lastKnownFileType = sourcecode.cpp.cpp; name = NoiseParamsComponent.cpp; path = ../../Source/NoiseParamsComponent.cpp; sourceTree = SOURCE_ROOT; };
		B8F950BDE273697CE09F0019 /* AudioUnit.framework */ = {isa = PBXFileReference; lastKnownFileType = wrapper.framework; name = AudioUnit.framework; path = System/Library/Frameworks/AudioUnit.framework; sourceTree = SDKROOT; };
		BFAADD95C9025A18AECBADDC /* Voices.cpp */ = {isa = PBXFileReference; lastKnownFileType = sourcecode.cpp.cpp; name = Voices.cpp; path = ../../Source/Voices.cpp; sourceTree = SOURCE_ROOT; };
		C279C0628F1E2BF7F7E425BF /* IOKit.framework */ = {isa = PBXFileReference; lastKnownFileType = wrapper.framework; name = IOKit.framework; path = System/Library/Frameworks/IOKit.framework; sourceTree = SDKROOT; };
		C7878A02F74CBF638C0895AB /* FrameSequenceParseErrors.cpp */ = {isa = PBXFileReference; lastKnownFileType = sourcecode.cpp.cpp; name = FrameSequenceParseErrors.cpp; path = ../../Source/FrameSequenceParseErrors.cpp; sourceTree = SOURCE_ROOT; };
		C9A705E8ACE8652BD7EE96CF /* juce_audio_utils */ = {isa = PBXFileReference; lastKnownFileType = folder; name = juce_audio_utils; path = /Applications/JUCE/modules/juce_audio_utils; sourceTree = "<absolute>"; };
		CB6E35BD2A334E975D4A6755 /* SweepParamsComponent.cpp */ = {isa = PBXFileReference; lastKnownFileType = sourcecode.cpp.cpp; name = SweepParamsComponent.cpp; path = ../../Source/SweepParamsComponent.cpp; sourceTree = SOURCE_ROOT; };
		CC6A542A3BDD11EF9D26C40A /* NoiseVoice.h */ = {isa = PBXFileReference; lastKnownFileType = sourcecode.c.h; name = NoiseVoice.h; path = ../../Source/NoiseVoice.h; sourceTree = SOURCE_ROOT; };
		D268FAEAC1579F4E857C7A96 /* Voices.h */ = {isa = PBXFileReference; lastKnownFileType = sourcecode.c.h; name = Voices.h; path = ../../Source/Voices.h; sourceTree = SOURCE_ROOT; };
		D350F7E7B7D2371B41EA7FC7 /* Info-Standalone_Plugin.plist */ = {isa = PBXFileReference; lastKnownFileType = text.plist.xml; path = "Info-Standalone_Plugin.plist"; sourceTree = SOURCE_ROOT; };
		D6E442C3F9710067EE534F96 /* CoreAudioKit.framework */ = {isa = PBXFileReference; lastKnownFileType = wrapper.framework; name = CoreAudioKit.framework; path = System/Library/Frameworks/CoreAudioKit.framework; sourceTree = SDKROOT; };
		D70440E6CFC2E6326B0CDE9F /* Cocoa.framework */ = {isa = PBXFileReference; lastKnownFileType = wrapper.framework; name = Cocoa.framework; path = System/Library/Frameworks/Cocoa.framework; sourceTree = SDKROOT; };
		D89380CDEA9802446DC37526 /* include_juce_graphics.mm */ = {isa = PBXFileReference; lastKnownFileType = sourcecode.cpp.objcpp; name = include_juce_graphics.mm; path = ../../JuceLibraryCode/include_juce_graphics.mm; sourceTree = SOURCE_ROOT; };
		D96AC883EDBEF7CB17F94583 /* icon-512.png */ = {isa = PBXFileReference; lastKnownFileType = image.png; name = "icon-512.png"; path = "../../Resources/icon-512.png"; sourceTree = SOURCE_ROOT; };
		DAC95EE2E39B499C15A7B6BC /* juce_audio_devices */ = {isa = PBXFileReference; lastKnownFileType = folder; name = juce_audio_devices; path = /Applications/JUCE/modules/juce_audio_devices; sourceTree = "<absolute>"; };
		DB5F4E1528DCFB85BD73A22C /* include_juce_audio_plugin_client_AU.r */ = {isa = PBXFileReference; lastKnownFileType = file.r; name = include_juce_audio_plugin_client_AU.r; path = ../../JuceLibraryCode/include_juce_audio_plugin_client_AU.r; sourceTree = SOURCE_ROOT; };
		DCEDF43486E98D94FBA24973 /* Info-VST.plist */ = {isa = PBXFileReference; lastKnownFileType = text.plist.xml; path = "Info-VST.plist"; sourceTree = SOURCE_ROOT; };
		E14E7E073A6E4A1C0EF14C61 /* juce_gui_basics */ = {isa = PBXFileReference; lastKnownFileType = folder; name = juce_gui_basics; path = /Applications/JUCE/modules/juce_gui_basics; sourceTree = "<absolute>"; };
		E221C5483A817C754F12A8A0 /* PluginEditor.cpp */ = {isa = PBXFileReference; lastKnownFileType = sourcecode.cpp.cpp; name = PluginEditor.cpp; path = ../../Source/PluginEditor.cpp; sourceTree = SOURCE_ROOT; };
		E3BBAE05BE25C928A567F780 /* Info-AU.plist */ = {isa = PBXFileReference; lastKnownFileType = text.plist.xml; path = "Info-AU.plist"; sourceTree = SOURCE_ROOT; };
		E866D810E7F0A8034E6E0908 /* Carbon.framework */ = {isa = PBXFileReference; lastKnownFileType = wrapper.framework; name = Carbon.framework; path = System/Library/Frameworks/Carbon.framework; sourceTree = SDKROOT; };
		E8F753CCD5472DAA716B575A /* CoreMIDI.framework */ = {isa = PBXFileReference; lastKnownFileType = wrapper.framework; name = CoreMIDI.framework; path = System/Library/Frameworks/CoreMIDI.framework; sourceTree = SDKROOT; };
		EEBCC9DCBC97F0DECF5E5411 /* PluginProcessor.h */ = {isa = PBXFileReference; lastKnownFileType = sourcecode.c.h; name = PluginProcessor.h; path = ../../Source/PluginProcessor.h; sourceTree = SOURCE_ROOT; };
		F10C7E728C2F5C269BDCE60F /* juce_gui_extra */ = {isa = PBXFileReference; lastKnownFileType = folder; name = juce_gui_extra; path = /Applications/JUCE/modules/juce_gui_extra; sourceTree = "<absolute>"; };
		F36552B3793E2FA13462FF8C /* EnvelopeParamsComponent.cpp */ = {isa = PBXFileReference; lastKnownFileType = sourcecode.cpp.cpp; name = EnvelopeParamsComponent.cpp; path = ../../Source/EnvelopeParamsComponent.cpp; sourceTree = SOURCE_ROOT; };
		F3E3FF053824561816A6AF73 /* include_juce_audio_plugin_client_AU_2.mm */ = {isa = PBXFileReference; lastKnownFileType = sourcecode.cpp.objcpp; name = include_juce_audio_plugin_client_AU_2.mm; path = ../../JuceLibraryCode/include_juce_audio_plugin_client_AU_2.mm; sourceTree = SOURCE_ROOT; };
		F617EBAC6FF5CD87D9F80980 /* SweepParamsComponent.h */ = {isa = PBXFileReference; lastKnownFileType = sourcecode.c.h; name = SweepParamsComponent.h; path = ../../Source/SweepParamsComponent.h; sourceTree = SOURCE_ROOT; };
		FD05EF24422CB64130FBF2ED /* include_juce_audio_plugin_client_utils.cpp */ = {isa = PBXFileReference; lastKnownFileType = sourcecode.cpp.cpp; name = include_juce_audio_plugin_client_utils.cpp; path = ../../JuceLibraryCode/include_juce_audio_plugin_client_utils.cpp; sourceTree = SOURCE_ROOT; };
		FDF634F0E242BCB2F87B85D3 /* BasicParamsComponent.h */ = {isa = PBXFileReference; lastKnownFileType = sourcecode.c.h; name = BasicParamsComponent.h; path = ../../Source/BasicParamsComponent.h; sourceTree = SOURCE_ROOT; };
/* End PBXFileReference section */

/* Begin PBXFrameworksBuildPhase section */
		1FBB3EC1A4402A39DC1F6316 /* Frameworks */ = {
			isa = PBXFrameworksBuildPhase;
			buildActionMask = 2147483647;
			files = (
				5377334F41B854B2115382C2 /* Accelerate.framework in Frameworks */,
				636E0E277752B2D4DBBD5A6E /* AudioToolbox.framework in Frameworks */,
				CAD0FC6C0555FF7DD54361D9 /* Carbon.framework in Frameworks */,
				544A56149246A8EB5AD8AFD4 /* Cocoa.framework in Frameworks */,
				697081F59DFF364A5896533F /* CoreAudio.framework in Frameworks */,
				0FFB8267986685B9EA776516 /* CoreAudioKit.framework in Frameworks */,
				4DD8EF18D01C008E3B0BD2A9 /* CoreMIDI.framework in Frameworks */,
				4C511227BCB2C933A4732A92 /* DiscRecording.framework in Frameworks */,
				3D42693C4453A53D4D85850B /* IOKit.framework in Frameworks */,
				DA406463C7F20232CFE84B80 /* OpenGL.framework in Frameworks */,
				177ACA5C1DF753F68F254FDC /* QuartzCore.framework in Frameworks */,
				8F9EFFEC0D87811F2FD4BED2 /* WebKit.framework in Frameworks */,
			);
			runOnlyForDeploymentPostprocessing = 0;
		};
		6D6458DAF8B679F9BF851BB1 /* Frameworks */ = {
			isa = PBXFrameworksBuildPhase;
			buildActionMask = 2147483647;
			files = (
				F3C5C33F23F2388F00297587 /* Accelerate.framework in Frameworks */,
				F3C5C34023F2388F00297587 /* AudioToolbox.framework in Frameworks */,
				F3C5C34123F2388F00297587 /* Carbon.framework in Frameworks */,
				F3C5C34223F2388F00297587 /* Cocoa.framework in Frameworks */,
				F3C5C34323F2388F00297587 /* CoreAudio.framework in Frameworks */,
				F3C5C34423F2388F00297587 /* CoreAudioKit.framework in Frameworks */,
				F3C5C34523F2388F00297587 /* CoreMIDI.framework in Frameworks */,
				F3C5C34623F2388F00297587 /* DiscRecording.framework in Frameworks */,
				F3C5C34723F2388F00297587 /* IOKit.framework in Frameworks */,
				F3C5C34823F2388F00297587 /* OpenGL.framework in Frameworks */,
				F3C5C34923F2388F00297587 /* QuartzCore.framework in Frameworks */,
				F3C5C34A23F2388F00297587 /* WebKit.framework in Frameworks */,
			);
			runOnlyForDeploymentPostprocessing = 0;
		};
		D5BC58ABEE0BD7E8DF516D40 /* Frameworks */ = {
			isa = PBXFrameworksBuildPhase;
			buildActionMask = 2147483647;
			files = (
				F3C5C35B23F2388F00297587 /* Accelerate.framework in Frameworks */,
				F3C5C35C23F2388F00297587 /* AudioToolbox.framework in Frameworks */,
				F3C5C35D23F2388F00297587 /* Carbon.framework in Frameworks */,
				F3C5C35E23F2388F00297587 /* Cocoa.framework in Frameworks */,
				F3C5C35F23F2388F00297587 /* CoreAudio.framework in Frameworks */,
				F3C5C36023F2388F00297587 /* CoreAudioKit.framework in Frameworks */,
				F3C5C36123F2388F00297587 /* CoreMIDI.framework in Frameworks */,
				F3C5C36223F2388F00297587 /* DiscRecording.framework in Frameworks */,
				F3C5C36323F2388F00297587 /* IOKit.framework in Frameworks */,
				F3C5C36423F2388F00297587 /* OpenGL.framework in Frameworks */,
				F3C5C36523F2388F00297587 /* QuartzCore.framework in Frameworks */,
				F3C5C36623F2388F00297587 /* WebKit.framework in Frameworks */,
			);
			runOnlyForDeploymentPostprocessing = 0;
		};
		FE24CEADDEFCE02EB9FBE17B /* Frameworks */ = {
			isa = PBXFrameworksBuildPhase;
			buildActionMask = 2147483647;
			files = (
				A1482B371EEE624E227E83A3 /* AudioUnit.framework in Frameworks */,
				F3C5C34D23F2388F00297587 /* Accelerate.framework in Frameworks */,
				F3C5C34E23F2388F00297587 /* AudioToolbox.framework in Frameworks */,
				F3C5C34F23F2388F00297587 /* Carbon.framework in Frameworks */,
				F3C5C35023F2388F00297587 /* Cocoa.framework in Frameworks */,
				F3C5C35123F2388F00297587 /* CoreAudio.framework in Frameworks */,
				F3C5C35223F2388F00297587 /* CoreAudioKit.framework in Frameworks */,
				F3C5C35323F2388F00297587 /* CoreMIDI.framework in Frameworks */,
				F3C5C35423F2388F00297587 /* DiscRecording.framework in Frameworks */,
				F3C5C35523F2388F00297587 /* IOKit.framework in Frameworks */,
				F3C5C35623F2388F00297587 /* OpenGL.framework in Frameworks */,
				F3C5C35723F2388F00297587 /* QuartzCore.framework in Frameworks */,
				F3C5C35823F2388F00297587 /* WebKit.framework in Frameworks */,
			);
			runOnlyForDeploymentPostprocessing = 0;
		};
/* End PBXFrameworksBuildPhase section */

/* Begin PBXGroup section */
		17196945B87023D03E2EF095 /* BaseComponents */ = {
			isa = PBXGroup;
			children = (
				7B5E7423BC1D56C9466951E1 /* CheckBoxComponent.cpp */,
				6C45AEA47507E7FA2EDDAEA1 /* CheckBoxComponent.h */,
				6B3887D003C6A908F50D47C1 /* ChoiceComponent.cpp */,
				03E77047C4F603A87D97C443 /* ChoiceComponent.h */,
				3533F2156F6607F16188BD29 /* CustomEnvelopeComponent.cpp */,
				4BF5DD4CA6E0A6F81E927449 /* CustomEnvelopeComponent.h */,
				02853F19D8488E185FB79E96 /* Defs.h */,
				A999B15DE08438587D866A72 /* SliderComponent.cpp */,
				B15CC2F445A52679E5C0EF77 /* SliderComponent.h */,
			);
			name = BaseComponents;
			sourceTree = "<group>";
		};
		285878D30F389639E8E9537E /* Source */ = {
			isa = PBXGroup;
			children = (
				C7878A02F74CBF638C0895AB /* FrameSequenceParseErrors.cpp */,
				079F0C45B207DA48EE9A78B2 /* FrameSequenceParseErrors.h */,
				65B302C186ECE52349DFCC81 /* FrameSequence.h */,
				6B052A7AB8D4718C7137E92F /* FrameSequenceParser.h */,
				939E29666D52415105BF4CCD /* FrameSequenceParser.cpp */,
				24615F29A97F1AE68BB2EBFA /* ColorScheme.cpp */,
				36491BCDF29B0BF5AAA72013 /* ColorScheme.h */,
				0AA095ECBA2EE7A0E3AB6DB7 /* BaseVoice.cpp */,
				56F142448952B57373F60687 /* BaseVoice.h */,
				18E41E1B055F35CC0E7D348E /* NoiseVoice.cpp */,
				CC6A542A3BDD11EF9D26C40A /* NoiseVoice.h */,
				B04E216095FCEC5359455B74 /* TriangleVoice.cpp */,
				4B51ADC1DB96DE4BB3D7BBF2 /* TriangleVoice.h */,
				2C9932EF8F5418FA12AB5AE8 /* PulseVoice.cpp */,
				4838C8EB90DBE6678B936D6F /* PulseVoice.h */,
				81FEADCDC044F3B9B6F40E58 /* TonalVoice.cpp */,
				0E9641C7B8772850D254479E /* TonalVoice.h */,
				7259E7593D17184B5200702B /* Settings.cpp */,
				672940C861E94654B20EE0FF /* Settings.h */,
				BFAADD95C9025A18AECBADDC /* Voices.cpp */,
				D268FAEAC1579F4E857C7A96 /* Voices.h */,
				1B560FA2D51BCFD54467EA0E /* PluginProcessor.cpp */,
				EEBCC9DCBC97F0DECF5E5411 /* PluginProcessor.h */,
				E221C5483A817C754F12A8A0 /* PluginEditor.cpp */,
				B0A180F1305BAA3DD9A53CBF /* PluginEditor.h */,
			);
			name = Source;
			sourceTree = "<group>";
		};
		3B4C4DCD18B46512FF4B9E48 /* Source */ = {
			isa = PBXGroup;
			children = (
				EB95C4537C7A70D86BA87021 /* Magical8bitPlug2 */,
				4DE7ED6B1A4B4BA2FB8F1C42 /* JUCE Modules */,
				BDEADB98EE46946625630535 /* JUCE Library Code */,
				CD9405367027AB92BEE030D8 /* Resources */,
				64CC100C0EEE31D34462D15B /* Frameworks */,
				5CB90793EFC270CE6C4514EE /* Products */,
			);
			name = Source;
			sourceTree = "<group>";
		};
		4DE7ED6B1A4B4BA2FB8F1C42 /* JUCE Modules */ = {
			isa = PBXGroup;
			children = (
				6F3A3974857436854287AC1F /* juce_audio_basics */,
				DAC95EE2E39B499C15A7B6BC /* juce_audio_devices */,
				67DB2DED6394C7B579EBE35B /* juce_audio_formats */,
				8C3AC7388B825801B24824C6 /* juce_audio_plugin_client */,
				11030E80FBB153B52381428E /* juce_audio_processors */,
				C9A705E8ACE8652BD7EE96CF /* juce_audio_utils */,
				689DCFF988E2873DB417E974 /* juce_core */,
				8F90564D28D60AC5EF1806FF /* juce_cryptography */,
				1E193013008BA2DC4EDFCDF5 /* juce_data_structures */,
				810E0DCC0C77E2ACD1C22900 /* juce_events */,
				B71EF8043D5D4628EA6B2207 /* juce_graphics */,
				E14E7E073A6E4A1C0EF14C61 /* juce_gui_basics */,
				F10C7E728C2F5C269BDCE60F /* juce_gui_extra */,
				6FC0CA5BBBC1F7658FB5E694 /* juce_opengl */,
			);
			name = "JUCE Modules";
			sourceTree = "<group>";
		};
		5CB90793EFC270CE6C4514EE /* Products */ = {
			isa = PBXGroup;
			children = (
				914D68ABDF069BCDA6992DCC /* Magical8bitPlug2.vst */,
				72404BEF36BFC137FE719119 /* Magical8bitPlug2.vst3 */,
				6F7F826B711DF965749A2FD8 /* Magical8bitPlug2.component */,
				7FA8B290188CA4E87ACDF355 /* Magical8bitPlug2.app */,
				19F32236E2499A0A85090390 /* libMagical8bitPlug2.a */,
			);
			name = Products;
			sourceTree = "<group>";
		};
		64CC100C0EEE31D34462D15B /* Frameworks */ = {
			isa = PBXGroup;
			children = (
				B8F950BDE273697CE09F0019 /* AudioUnit.framework */,
				B05A544BF3F328357CA4F4D0 /* Accelerate.framework */,
				73BC1AC9E726B89FFA10359C /* AudioToolbox.framework */,
				E866D810E7F0A8034E6E0908 /* Carbon.framework */,
				D70440E6CFC2E6326B0CDE9F /* Cocoa.framework */,
				8DE5763A5B2B9965413797CA /* CoreAudio.framework */,
				D6E442C3F9710067EE534F96 /* CoreAudioKit.framework */,
				E8F753CCD5472DAA716B575A /* CoreMIDI.framework */,
				244D16147C4425BE14ADFB16 /* DiscRecording.framework */,
				C279C0628F1E2BF7F7E425BF /* IOKit.framework */,
				8CB3B3034E84CC14ED237294 /* OpenGL.framework */,
				0C509A7310C0C40072841EB2 /* QuartzCore.framework */,
				71A07D46A2C4E69764DB7A29 /* WebKit.framework */,
			);
			name = Frameworks;
			sourceTree = "<group>";
		};
		AC1FD3943599221B33FD9AD1 /* View */ = {
			isa = PBXGroup;
			children = (
				17196945B87023D03E2EF095 /* BaseComponents */,
				66071717E315BAE8D9FE4414 /* AdvancedParamsComponent.cpp */,
				1FFFE9D6670AB65D77BB93DE /* AdvancedParamsComponent.h */,
				180EEB0E346AABFA00A06115 /* BasicParamsComponent.cpp */,
				FDF634F0E242BCB2F87B85D3 /* BasicParamsComponent.h */,
				2A450E97E0053B7BB603D28D /* BendParamsComponent.cpp */,
				3361E7A446D5AF80B6FDE5E0 /* BendParamsComponent.h */,
				F36552B3793E2FA13462FF8C /* EnvelopeParamsComponent.cpp */,
				88587A8CEE18833911E78691 /* EnvelopeParamsComponent.h */,
				B781DA16BA631A82D9009A09 /* NoiseParamsComponent.cpp */,
				0B7E8A4D54EE56B307F21CCF /* NoiseParamsComponent.h */,
				1B552BC497D3BE706BD35B3D /* PulseParamsComponent.cpp */,
				6B93641432ACFC711A9C04C6 /* PulseParamsComponent.h */,
				CB6E35BD2A334E975D4A6755 /* SweepParamsComponent.cpp */,
				F617EBAC6FF5CD87D9F80980 /* SweepParamsComponent.h */,
				2C6C5E9A111E284015EA3870 /* VibratoParamsComponent.cpp */,
				11EFC2C5E3CF72FAA9CDEADB /* VibratoParamsComponent.h */,
			);
			name = View;
			sourceTree = "<group>";
		};
		BDEADB98EE46946625630535 /* JUCE Library Code */ = {
			isa = PBXGroup;
			children = (
				1A43A094811C4B22DC350E88 /* AppConfig.h */,
				03ECBBD0C90616D23996E1AE /* BinaryData.cpp */,
				452AE5747834120ED60EE542 /* BinaryData.h */,
				8E8C19BD68EE15E89CA4F905 /* include_juce_audio_basics.mm */,
				496635E1298C568721A5FD62 /* include_juce_audio_devices.mm */,
				7E2659E4E292B0F360B64328 /* include_juce_audio_formats.mm */,
				DB5F4E1528DCFB85BD73A22C /* include_juce_audio_plugin_client_AU.r */,
				4BA37DE7391080191A97FFA1 /* include_juce_audio_plugin_client_AU_1.mm */,
				F3E3FF053824561816A6AF73 /* include_juce_audio_plugin_client_AU_2.mm */,
				26F4020F7DD7A32C00234EFC /* include_juce_audio_plugin_client_Standalone.cpp */,
				FD05EF24422CB64130FBF2ED /* include_juce_audio_plugin_client_utils.cpp */,
				9B636F9D069DD4713E914FB5 /* include_juce_audio_plugin_client_VST_utils.mm */,
				8F6F66E1631CD9EEA846B658 /* include_juce_audio_plugin_client_VST2.cpp */,
				608F504C6B2305C9955C536A /* include_juce_audio_plugin_client_VST3.cpp */,
				6D39BBE6C5E5B9E872E172AC /* include_juce_audio_processors.mm */,
				AE8069D3EBF7E4694C3C0586 /* include_juce_audio_utils.mm */,
				24EEA3D98C5A67157128DEFD /* include_juce_core.mm */,
				AB367FDDCA8575DB4F1CE93B /* include_juce_cryptography.mm */,
				31C461C9252084743BFE34DD /* include_juce_data_structures.mm */,
				8FBA0E03766BA17E78D84310 /* include_juce_events.mm */,
				D89380CDEA9802446DC37526 /* include_juce_graphics.mm */,
				8456C678C8261DA1F5626471 /* include_juce_gui_basics.mm */,
				2E22414391D09A9494875190 /* include_juce_gui_extra.mm */,
				9458CFD329E72FEA915B6890 /* include_juce_opengl.mm */,
				099DDB5C176E0B04A3D6BE07 /* JuceHeader.h */,
			);
			name = "JUCE Library Code";
			sourceTree = "<group>";
		};
		CD9405367027AB92BEE030D8 /* Resources */ = {
			isa = PBXGroup;
			children = (
				DCEDF43486E98D94FBA24973 /* Info-VST.plist */,
				1A57F2FBD3B0D08C4B1BB1FD /* Info-VST3.plist */,
				E3BBAE05BE25C928A567F780 /* Info-AU.plist */,
				D350F7E7B7D2371B41EA7FC7 /* Info-Standalone_Plugin.plist */,
				4AB56EE674420B9E60C23339 /* RecentFilesMenuTemplate.nib */,
				94A56AE1D4485D7BF31D339A /* Icon.icns */,
			);
			name = Resources;
			sourceTree = "<group>";
		};
		EB95C4537C7A70D86BA87021 /* Magical8bitPlug2 */ = {
			isa = PBXGroup;
			children = (
				AC1FD3943599221B33FD9AD1 /* View */,
				285878D30F389639E8E9537E /* Source */,
				8ABED5CE19EA59EF0A729011 /* icon-256.png */,
				D96AC883EDBEF7CB17F94583 /* icon-512.png */,
			);
			name = Magical8bitPlug2;
			sourceTree = "<group>";
		};
/* End PBXGroup section */

/* Begin PBXNativeTarget section */
		4BD9FA4437B99830F599F369 /* Magical8bitPlug2 - Shared Code */ = {
			isa = PBXNativeTarget;
			buildConfigurationList = C9D8573384CEDBD24E1DB575 /* Build configuration list for PBXNativeTarget "Magical8bitPlug2 - Shared Code" */;
			buildPhases = (
				773210A96C2CFEAF1D623617 /* Sources */,
			);
			buildRules = (
			);
			dependencies = (
			);
			name = "Magical8bitPlug2 - Shared Code";
			productName = Magical8bitPlug2;
			productReference = 19F32236E2499A0A85090390 /* libMagical8bitPlug2.a */;
			productType = "com.apple.product-type.library.static";
		};
		60666BAAA387D89139A4EE6C /* Magical8bitPlug2 - AU */ = {
			isa = PBXNativeTarget;
			buildConfigurationList = CE7AC5FBACC09FE269373205 /* Build configuration list for PBXNativeTarget "Magical8bitPlug2 - AU" */;
			buildPhases = (
				B04E63D517E71A111393385C /* Resources */,
				32A49885834A871E716F3619 /* Rez */,
				908DE181EAC53C3E41C271FD /* Sources */,
				FE24CEADDEFCE02EB9FBE17B /* Frameworks */,
			);
			buildRules = (
			);
			dependencies = (
				C39E2F46A3D258DE3AC23784 /* PBXTargetDependency */,
			);
			name = "Magical8bitPlug2 - AU";
			productName = Magical8bitPlug2;
			productReference = 6F7F826B711DF965749A2FD8 /* Magical8bitPlug2.component */;
			productType = "com.apple.product-type.bundle";
		};
		88ECACF925AD4B74B3589E5A /* Magical8bitPlug2 - VST3 */ = {
			isa = PBXNativeTarget;
			buildConfigurationList = A83526B54257E999D7318C84 /* Build configuration list for PBXNativeTarget "Magical8bitPlug2 - VST3" */;
			buildPhases = (
				573A407A5AA43B1AB7C2BA14 /* Resources */,
				D44400469BA2ADDA05AEC7C1 /* Sources */,
				6D6458DAF8B679F9BF851BB1 /* Frameworks */,
			);
			buildRules = (
			);
			dependencies = (
				C39E2F46A3D258DE3AC23784 /* PBXTargetDependency */,
			);
			name = "Magical8bitPlug2 - VST3";
			productName = Magical8bitPlug2;
			productReference = 72404BEF36BFC137FE719119 /* Magical8bitPlug2.vst3 */;
			productType = "com.apple.product-type.bundle";
		};
		AAB30BB93041436A728367F3 /* Magical8bitPlug2 - VST */ = {
			isa = PBXNativeTarget;
			buildConfigurationList = FCA16FCB062E8C525E5EA80E /* Build configuration list for PBXNativeTarget "Magical8bitPlug2 - VST" */;
			buildPhases = (
				E9148B4856B5D60B9CE93507 /* Resources */,
				8CEF763825631F0A71405CBF /* Sources */,
				1FBB3EC1A4402A39DC1F6316 /* Frameworks */,
			);
			buildRules = (
			);
			dependencies = (
				C39E2F46A3D258DE3AC23784 /* PBXTargetDependency */,
			);
			name = "Magical8bitPlug2 - VST";
			productName = Magical8bitPlug2;
			productReference = 914D68ABDF069BCDA6992DCC /* Magical8bitPlug2.vst */;
			productType = "com.apple.product-type.bundle";
		};
		B5587C5653602A557779BD29 /* Magical8bitPlug2 - Standalone Plugin */ = {
			isa = PBXNativeTarget;
			buildConfigurationList = 70A9EFC14F7163B4B6356C85 /* Build configuration list for PBXNativeTarget "Magical8bitPlug2 - Standalone Plugin" */;
			buildPhases = (
				8E868BD78005116E43AC146E /* Resources */,
				F64909FA902F80CB1D0EAFCB /* Sources */,
				D5BC58ABEE0BD7E8DF516D40 /* Frameworks */,
			);
			buildRules = (
			);
			dependencies = (
				C39E2F46A3D258DE3AC23784 /* PBXTargetDependency */,
			);
			name = "Magical8bitPlug2 - Standalone Plugin";
			productName = Magical8bitPlug2;
			productReference = 7FA8B290188CA4E87ACDF355 /* Magical8bitPlug2.app */;
			productType = "com.apple.product-type.application";
		};
/* End PBXNativeTarget section */

/* Begin PBXProject section */
		FB6EFE4C6F8351ACAA321332 /* Project object */ = {
			isa = PBXProject;
			attributes = {
				LastUpgradeCheck = 1100;
				ORGANIZATIONNAME = YMCK;
				TargetAttributes = {
					4BD9FA4437B99830F599F369 = {
						SystemCapabilities = {
							com.apple.ApplicationGroups.iOS = {
								enabled = 0;
							};
							com.apple.HardenedRuntime = {
								enabled = 1;
							};
							com.apple.InAppPurchase = {
								enabled = 0;
							};
							com.apple.InterAppAudio = {
								enabled = 0;
							};
							com.apple.Push = {
								enabled = 0;
							};
							com.apple.Sandbox = {
								enabled = 0;
							};
						};
					};
					60666BAAA387D89139A4EE6C = {
						DevelopmentTeam = 2Z7AZ9RMWS;
						ProvisioningStyle = Manual;
						SystemCapabilities = {
							com.apple.ApplicationGroups.iOS = {
								enabled = 0;
							};
							com.apple.HardenedRuntime = {
								enabled = 1;
							};
							com.apple.InAppPurchase = {
								enabled = 0;
							};
							com.apple.InterAppAudio = {
								enabled = 0;
							};
							com.apple.Push = {
								enabled = 0;
							};
							com.apple.Sandbox = {
								enabled = 0;
							};
						};
					};
					8632D0931B6F077E74558FC5 = {
						SystemCapabilities = {
							com.apple.ApplicationGroups.iOS = {
								enabled = 0;
							};
							com.apple.HardenedRuntime = {
								enabled = 1;
							};
							com.apple.InAppPurchase = {
								enabled = 0;
							};
							com.apple.InterAppAudio = {
								enabled = 0;
							};
							com.apple.Push = {
								enabled = 0;
							};
							com.apple.Sandbox = {
								enabled = 0;
							};
						};
					};
					88ECACF925AD4B74B3589E5A = {
						DevelopmentTeam = 2Z7AZ9RMWS;
						ProvisioningStyle = Manual;
						SystemCapabilities = {
							com.apple.ApplicationGroups.iOS = {
								enabled = 0;
							};
							com.apple.HardenedRuntime = {
								enabled = 1;
							};
							com.apple.InAppPurchase = {
								enabled = 0;
							};
							com.apple.InterAppAudio = {
								enabled = 0;
							};
							com.apple.Push = {
								enabled = 0;
							};
							com.apple.Sandbox = {
								enabled = 0;
							};
						};
					};
					AAB30BB93041436A728367F3 = {
						DevelopmentTeam = 2Z7AZ9RMWS;
						ProvisioningStyle = Manual;
						SystemCapabilities = {
							com.apple.ApplicationGroups.iOS = {
								enabled = 0;
							};
							com.apple.HardenedRuntime = {
								enabled = 1;
							};
							com.apple.InAppPurchase = {
								enabled = 0;
							};
							com.apple.InterAppAudio = {
								enabled = 0;
							};
							com.apple.Push = {
								enabled = 0;
							};
							com.apple.Sandbox = {
								enabled = 0;
							};
						};
					};
					B5587C5653602A557779BD29 = {
						DevelopmentTeam = 2Z7AZ9RMWS;
						ProvisioningStyle = Manual;
						SystemCapabilities = {
							com.apple.ApplicationGroups.iOS = {
								enabled = 0;
							};
							com.apple.HardenedRuntime = {
								enabled = 1;
							};
							com.apple.InAppPurchase = {
								enabled = 0;
							};
							com.apple.InterAppAudio = {
								enabled = 0;
							};
							com.apple.Push = {
								enabled = 0;
							};
							com.apple.Sandbox = {
								enabled = 0;
							};
						};
					};
				};
			};
			buildConfigurationList = 769D3BD7E2A371C812D180C8 /* Build configuration list for PBXProject "Magical8bitPlug2" */;
			compatibilityVersion = "Xcode 3.2";
			developmentRegion = en;
			hasScannedForEncodings = 0;
			knownRegions = (
				en,
				Base,
			);
			mainGroup = 3B4C4DCD18B46512FF4B9E48 /* Source */;
			projectDirPath = "";
			projectRoot = "";
			targets = (
				8632D0931B6F077E74558FC5 /* Magical8bitPlug2 - All */,
				AAB30BB93041436A728367F3 /* Magical8bitPlug2 - VST */,
				88ECACF925AD4B74B3589E5A /* Magical8bitPlug2 - VST3 */,
				60666BAAA387D89139A4EE6C /* Magical8bitPlug2 - AU */,
				B5587C5653602A557779BD29 /* Magical8bitPlug2 - Standalone Plugin */,
				4BD9FA4437B99830F599F369 /* Magical8bitPlug2 - Shared Code */,
			);
		};
/* End PBXProject section */

/* Begin PBXResourcesBuildPhase section */
		573A407A5AA43B1AB7C2BA14 /* Resources */ = {
			isa = PBXResourcesBuildPhase;
			buildActionMask = 2147483647;
			files = (
				F3C5C33D23F2388F00297587 /* RecentFilesMenuTemplate.nib in Resources */,
				F3C5C33E23F2388F00297587 /* Icon.icns in Resources */,
			);
			runOnlyForDeploymentPostprocessing = 0;
		};
		8E868BD78005116E43AC146E /* Resources */ = {
			isa = PBXResourcesBuildPhase;
			buildActionMask = 2147483647;
			files = (
				F3C5C35923F2388F00297587 /* RecentFilesMenuTemplate.nib in Resources */,
				F3C5C35A23F2388F00297587 /* Icon.icns in Resources */,
			);
			runOnlyForDeploymentPostprocessing = 0;
		};
		B04E63D517E71A111393385C /* Resources */ = {
			isa = PBXResourcesBuildPhase;
			buildActionMask = 2147483647;
			files = (
				F3C5C34B23F2388F00297587 /* RecentFilesMenuTemplate.nib in Resources */,
				F3C5C34C23F2388F00297587 /* Icon.icns in Resources */,
			);
			runOnlyForDeploymentPostprocessing = 0;
		};
		E9148B4856B5D60B9CE93507 /* Resources */ = {
			isa = PBXResourcesBuildPhase;
			buildActionMask = 2147483647;
			files = (
				58C4CC0A049539814F454E8E /* RecentFilesMenuTemplate.nib in Resources */,
				471EC27AC8B46A315B3FAEAC /* Icon.icns in Resources */,
			);
			runOnlyForDeploymentPostprocessing = 0;
		};
/* End PBXResourcesBuildPhase section */

/* Begin PBXRezBuildPhase section */
		32A49885834A871E716F3619 /* Rez */ = {
			isa = PBXRezBuildPhase;
			buildActionMask = 2147483647;
			files = (
				6572F304786159B142BE1F38 /* include_juce_audio_plugin_client_AU.r in Rez */,
			);
			runOnlyForDeploymentPostprocessing = 0;
		};
/* End PBXRezBuildPhase section */

/* Begin PBXSourcesBuildPhase section */
		773210A96C2CFEAF1D623617 /* Sources */ = {
			isa = PBXSourcesBuildPhase;
			buildActionMask = 2147483647;
			files = (
				80894A1532B8286BDE943C93 /* CheckBoxComponent.cpp in Sources */,
				B852E41F5CF13EC7BF750800 /* ChoiceComponent.cpp in Sources */,
				E6FC3DA914B1BB8EF8D0EA1C /* CustomEnvelopeComponent.cpp in Sources */,
				899D81F1AC3B1334E81B9EDF /* SliderComponent.cpp in Sources */,
				39211FF7D9EB606B7212DB6A /* AdvancedParamsComponent.cpp in Sources */,
				AEF4C3F12E40707EFCCF38A6 /* BasicParamsComponent.cpp in Sources */,
				389BB80C7694468B3C245980 /* BendParamsComponent.cpp in Sources */,
				1A73CB87C1E1F5AEE4633ED1 /* EnvelopeParamsComponent.cpp in Sources */,
				A3904EAFD14A00794AA509DB /* NoiseParamsComponent.cpp in Sources */,
				3C93A518B0DD7DA797DE84BE /* PulseParamsComponent.cpp in Sources */,
				6E1B76AE61FC088E17519693 /* SweepParamsComponent.cpp in Sources */,
				01AC1609A8C3FDC62A50E453 /* VibratoParamsComponent.cpp in Sources */,
				3EA41CC4960E034449DAFB90 /* FrameSequenceParseErrors.cpp in Sources */,
				392B9AF4BEAF6E434B4E8B2F /* FrameSequenceParser.cpp in Sources */,
				A51BC9B9C4913B72C4518771 /* ColorScheme.cpp in Sources */,
				275E3B1726CAC96C050A9D5C /* BaseVoice.cpp in Sources */,
				66B9B2129BD1F79B465079D0 /* NoiseVoice.cpp in Sources */,
				640B147D37A061460A26FB0C /* TriangleVoice.cpp in Sources */,
				E261A4FF6098A0260B0031FE /* PulseVoice.cpp in Sources */,
				9B7D7B12263BDB301733A8C6 /* TonalVoice.cpp in Sources */,
				A67653A704D778087065494A /* Settings.cpp in Sources */,
				C4E5DD5E698604C1BEDADE36 /* Voices.cpp in Sources */,
				7859A5C00FCE3EF0EF33260A /* PluginProcessor.cpp in Sources */,
				DC46FF92D8F74E98346C6DA8 /* PluginEditor.cpp in Sources */,
				C6A68E9AD876B8A9CCCB9355 /* BinaryData.cpp in Sources */,
				695E3E5A1C09BA3F0A21AB7D /* include_juce_audio_basics.mm in Sources */,
				63F7563C507050BB1B177442 /* include_juce_audio_devices.mm in Sources */,
				6553ACA3BC6DABD81CB33A22 /* include_juce_audio_formats.mm in Sources */,
				5100C3C97CE95C1832C1F789 /* include_juce_audio_plugin_client_utils.cpp in Sources */,
				6FB6C2D5FC3CC1BC9F9497AB /* include_juce_audio_plugin_client_VST_utils.mm in Sources */,
				99673F134B4846E8B7B70B9B /* include_juce_audio_processors.mm in Sources */,
				2B4EDBBEF453F77BA8AAC4E7 /* include_juce_audio_utils.mm in Sources */,
				A79BB588E675AF1B27A47979 /* include_juce_core.mm in Sources */,
				A8A9A11DB58113D96E1FF9E0 /* include_juce_cryptography.mm in Sources */,
				5355DD5F43F547D249FFCB31 /* include_juce_data_structures.mm in Sources */,
				F7C92048AFADBF2F63A8743C /* include_juce_events.mm in Sources */,
				837214F80726A494326971EA /* include_juce_graphics.mm in Sources */,
				06B76FCE9DEBA32A480A7E68 /* include_juce_gui_basics.mm in Sources */,
				80ED37427392828FF0728B0D /* include_juce_gui_extra.mm in Sources */,
				5C6FBC0DEC4DFFB54D465582 /* include_juce_opengl.mm in Sources */,
			);
			runOnlyForDeploymentPostprocessing = 0;
		};
		8CEF763825631F0A71405CBF /* Sources */ = {
			isa = PBXSourcesBuildPhase;
			buildActionMask = 2147483647;
			files = (
				D85D77F835C99ADD9E5ACE8D /* include_juce_audio_plugin_client_VST2.cpp in Sources */,
			);
			runOnlyForDeploymentPostprocessing = 0;
		};
		908DE181EAC53C3E41C271FD /* Sources */ = {
			isa = PBXSourcesBuildPhase;
			buildActionMask = 2147483647;
			files = (
				C9A41B3D41ED45BF45D17758 /* include_juce_audio_plugin_client_AU_1.mm in Sources */,
				2651734F7FDCD443CEF8ED84 /* include_juce_audio_plugin_client_AU_2.mm in Sources */,
			);
			runOnlyForDeploymentPostprocessing = 0;
		};
		D44400469BA2ADDA05AEC7C1 /* Sources */ = {
			isa = PBXSourcesBuildPhase;
			buildActionMask = 2147483647;
			files = (
				D65180F4399DCDD7F1524100 /* include_juce_audio_plugin_client_VST3.cpp in Sources */,
			);
			runOnlyForDeploymentPostprocessing = 0;
		};
		F64909FA902F80CB1D0EAFCB /* Sources */ = {
			isa = PBXSourcesBuildPhase;
			buildActionMask = 2147483647;
			files = (
				90A79203FABF53A9CE8AB1CF /* include_juce_audio_plugin_client_Standalone.cpp in Sources */,
			);
			runOnlyForDeploymentPostprocessing = 0;
		};
/* End PBXSourcesBuildPhase section */

/* Begin PBXTargetDependency section */
		01D6554ACF6F7C92BFC42B78 /* PBXTargetDependency */ = {
			isa = PBXTargetDependency;
			target = 88ECACF925AD4B74B3589E5A /* Magical8bitPlug2 - VST3 */;
			targetProxy = F3C5C36923F2388F00297587 /* PBXContainerItemProxy */;
		};
		99635335886F813068534281 /* PBXTargetDependency */ = {
			isa = PBXTargetDependency;
			target = 60666BAAA387D89139A4EE6C /* Magical8bitPlug2 - AU */;
			targetProxy = F3C5C36A23F2388F00297587 /* PBXContainerItemProxy */;
		};
		A6EE63292D10801216489AD0 /* PBXTargetDependency */ = {
			isa = PBXTargetDependency;
			target = AAB30BB93041436A728367F3 /* Magical8bitPlug2 - VST */;
			targetProxy = F3C5C36823F2388F00297587 /* PBXContainerItemProxy */;
		};
		C39E2F46A3D258DE3AC23784 /* PBXTargetDependency */ = {
			isa = PBXTargetDependency;
			target = 4BD9FA4437B99830F599F369 /* Magical8bitPlug2 - Shared Code */;
			targetProxy = F3C5C36723F2388F00297587 /* PBXContainerItemProxy */;
		};
		FD7840DEDAEE4B9269EE7230 /* PBXTargetDependency */ = {
			isa = PBXTargetDependency;
			target = B5587C5653602A557779BD29 /* Magical8bitPlug2 - Standalone Plugin */;
			targetProxy = F3C5C36B23F2388F00297587 /* PBXContainerItemProxy */;
		};
/* End PBXTargetDependency section */

/* Begin XCBuildConfiguration section */
		02B56B82D274899CE7D92C4A /* Release */ = {
			isa = XCBuildConfiguration;
			buildSettings = {
				CLANG_CXX_LANGUAGE_STANDARD = "c++14";
				CLANG_CXX_LIBRARY = "libc++";
				CLANG_LINK_OBJC_RUNTIME = NO;
				CODE_SIGN_ENTITLEMENTS = Magical8bitPlug2.entitlements;
				CODE_SIGN_IDENTITY = "Developer ID Application";
				CODE_SIGN_STYLE = Manual;
				COMBINE_HIDPI_IMAGES = YES;
				CONFIGURATION_BUILD_DIR = "$(PROJECT_DIR)/build/$(CONFIGURATION)";
				DEAD_CODE_STRIPPING = YES;
				DEPLOYMENT_LOCATION = YES;
				DEVELOPMENT_TEAM = 2Z7AZ9RMWS;
				DSTROOT = /;
				ENABLE_HARDENED_RUNTIME = YES;
				GCC_GENERATE_DEBUGGING_SYMBOLS = NO;
				GCC_OPTIMIZATION_LEVEL = 3;
				GCC_PREPROCESSOR_DEFINITIONS = (
					"_NDEBUG=1",
					"NDEBUG=1",
					"JUCER_XCODE_MAC_F6D2F4CF=1",
					"JUCE_APP_VERSION=1.0.0",
					"JUCE_APP_VERSION_HEX=0x10000",
					"JucePlugin_Build_VST=0",
					"JucePlugin_Build_VST3=1",
					"JucePlugin_Build_AU=0",
					"JucePlugin_Build_AUv3=0",
					"JucePlugin_Build_RTAS=0",
					"JucePlugin_Build_AAX=0",
					"JucePlugin_Build_Standalone=0",
					"JucePlugin_Build_Unity=0",
				);
				GCC_SYMBOLS_PRIVATE_EXTERN = YES;
				GCC_VERSION = com.apple.compilers.llvm.clang.1_0;
				GENERATE_PKGINFO_FILE = YES;
				HEADER_SEARCH_PATHS = (
					/Applications/JUCE/modules/juce_audio_processors/format_types/VST3_SDK,
					"../../../../magical8bitPlug-misc/VST_SDK/VST2_SDK",
					../../JuceLibraryCode,
					/Applications/JUCE/modules,
					/Applications/JUCE/modules/juce_audio_plugin_client,
					"$(inherited)",
				);
				INFOPLIST_FILE = "Info-VST3.plist";
				INFOPLIST_PREPROCESS = NO;
				INSTALL_PATH = "$(HOME)/Library/Audio/Plug-Ins/VST3/";
				LIBRARY_STYLE = Bundle;
				LLVM_LTO = YES;
				MACOSX_DEPLOYMENT_TARGET = 10.11;
				OTHER_CODE_SIGN_FLAGS = "--timestamp";
				OTHER_LDFLAGS = (
					"-bundle",
					"-lMagical8bitPlug2",
				);
				PRODUCT_BUNDLE_IDENTIFIER = com.ymck.magical8bitPlug2Juce;
				PRODUCT_NAME = Magical8bitPlug2;
				PROVISIONING_PROFILE_SPECIFIER = "";
				USE_HEADERMAP = NO;
				WRAPPER_EXTENSION = vst3;
			};
			name = Release;
		};
		0981FCCB068ECCAD877CAAF1 /* Debug */ = {
			isa = XCBuildConfiguration;
			buildSettings = {
				CLANG_CXX_LANGUAGE_STANDARD = "c++14";
				CLANG_CXX_LIBRARY = "libc++";
				CLANG_LINK_OBJC_RUNTIME = NO;
				CODE_SIGN_ENTITLEMENTS = Shared_Code.entitlements;
				CODE_SIGN_IDENTITY = "Developer ID Application";
				COMBINE_HIDPI_IMAGES = YES;
				CONFIGURATION_BUILD_DIR = "$(PROJECT_DIR)/build/$(CONFIGURATION)";
				COPY_PHASE_STRIP = NO;
				ENABLE_HARDENED_RUNTIME = YES;
				GCC_DYNAMIC_NO_PIC = NO;
				GCC_OPTIMIZATION_LEVEL = 0;
				GCC_PREPROCESSOR_DEFINITIONS = (
					"_DEBUG=1",
					"DEBUG=1",
					"JUCER_XCODE_MAC_F6D2F4CF=1",
					"JUCE_APP_VERSION=1.0.0",
					"JUCE_APP_VERSION_HEX=0x10000",
					"JucePlugin_Build_VST=1",
					"JucePlugin_Build_VST3=1",
					"JucePlugin_Build_AU=1",
					"JucePlugin_Build_AUv3=0",
					"JucePlugin_Build_RTAS=0",
					"JucePlugin_Build_AAX=0",
					"JucePlugin_Build_Standalone=1",
					"JucePlugin_Build_Unity=0",
					"JUCE_SHARED_CODE=1",
				);
				GCC_VERSION = com.apple.compilers.llvm.clang.1_0;
				HEADER_SEARCH_PATHS = (
					/Applications/JUCE/modules/juce_audio_processors/format_types/VST3_SDK,
					"../../../../magical8bitPlug-misc/VST_SDK/VST2_SDK",
					../../JuceLibraryCode,
					/Applications/JUCE/modules,
					/Applications/JUCE/modules/juce_audio_plugin_client,
					"$(inherited)",
				);
				INSTALL_PATH = "@executable_path/../Frameworks";
				MACOSX_DEPLOYMENT_TARGET = 10.11;
				PRODUCT_BUNDLE_IDENTIFIER = com.ymck.magical8bitPlug2Juce;
				PRODUCT_NAME = Magical8bitPlug2;
				PROVISIONING_PROFILE_SPECIFIER = "";
				SKIP_INSTALL = YES;
				USE_HEADERMAP = NO;
			};
			name = Debug;
		};
		19D8C4875FC39869F929D526 /* Release */ = {
			isa = XCBuildConfiguration;
			buildSettings = {
				ALWAYS_SEARCH_USER_PATHS = NO;
				CLANG_ENABLE_OBJC_WEAK = YES;
				CLANG_WARN_BLOCK_CAPTURE_AUTORELEASING = YES;
				CLANG_WARN_BOOL_CONVERSION = YES;
				CLANG_WARN_COMMA = YES;
				CLANG_WARN_CONSTANT_CONVERSION = YES;
				CLANG_WARN_DEPRECATED_OBJC_IMPLEMENTATIONS = YES;
				CLANG_WARN_EMPTY_BODY = YES;
				CLANG_WARN_ENUM_CONVERSION = YES;
				CLANG_WARN_INFINITE_RECURSION = YES;
				CLANG_WARN_INT_CONVERSION = YES;
				CLANG_WARN_NON_LITERAL_NULL_CONVERSION = YES;
				CLANG_WARN_OBJC_IMPLICIT_RETAIN_SELF = YES;
				CLANG_WARN_OBJC_LITERAL_CONVERSION = YES;
				CLANG_WARN_RANGE_LOOP_ANALYSIS = YES;
				CLANG_WARN_STRICT_PROTOTYPES = YES;
				CLANG_WARN_SUSPICIOUS_MOVE = YES;
				CLANG_WARN_UNREACHABLE_CODE = YES;
				CLANG_WARN__DUPLICATE_METHOD_MATCH = YES;
				CODE_SIGN_IDENTITY = "Developer ID Application";
				DEBUG_INFORMATION_FORMAT = dwarf;
				ENABLE_STRICT_OBJC_MSGSEND = YES;
				GCC_C_LANGUAGE_STANDARD = c11;
				GCC_INLINES_ARE_PRIVATE_EXTERN = YES;
				GCC_MODEL_TUNING = G5;
				GCC_NO_COMMON_BLOCKS = YES;
				GCC_WARN_64_TO_32_BIT_CONVERSION = YES;
				GCC_WARN_ABOUT_RETURN_TYPE = YES;
				GCC_WARN_CHECK_SWITCH_STATEMENTS = YES;
				GCC_WARN_MISSING_PARENTHESES = YES;
				GCC_WARN_NON_VIRTUAL_DESTRUCTOR = YES;
				GCC_WARN_TYPECHECK_CALLS_TO_PRINTF = YES;
				GCC_WARN_UNDECLARED_SELECTOR = YES;
				GCC_WARN_UNINITIALIZED_AUTOS = YES;
				GCC_WARN_UNUSED_FUNCTION = YES;
				GCC_WARN_UNUSED_VARIABLE = YES;
				PRODUCT_NAME = Magical8bitPlug2;
				SDKROOT = macosx;
				WARNING_CFLAGS = "-Wreorder";
				ZERO_LINK = NO;
			};
			name = Release;
		};
		29D09792891E4201CB8A7D94 /* Release */ = {
			isa = XCBuildConfiguration;
			buildSettings = {
				CLANG_CXX_LANGUAGE_STANDARD = "c++14";
				CLANG_CXX_LIBRARY = "libc++";
				CLANG_LINK_OBJC_RUNTIME = NO;
				CODE_SIGN_ENTITLEMENTS = Magical8bitPlug2.entitlements;
				CODE_SIGN_IDENTITY = "Developer ID Application";
				CODE_SIGN_STYLE = Manual;
				COMBINE_HIDPI_IMAGES = YES;
				CONFIGURATION_BUILD_DIR = "$(PROJECT_DIR)/build/$(CONFIGURATION)";
				DEAD_CODE_STRIPPING = YES;
				DEVELOPMENT_TEAM = 2Z7AZ9RMWS;
				ENABLE_HARDENED_RUNTIME = YES;
				GCC_GENERATE_DEBUGGING_SYMBOLS = NO;
				GCC_OPTIMIZATION_LEVEL = 3;
				GCC_PREPROCESSOR_DEFINITIONS = (
					"_NDEBUG=1",
					"NDEBUG=1",
					"JUCER_XCODE_MAC_F6D2F4CF=1",
					"JUCE_APP_VERSION=1.0.0",
					"JUCE_APP_VERSION_HEX=0x10000",
					"JucePlugin_Build_VST=0",
					"JucePlugin_Build_VST3=0",
					"JucePlugin_Build_AU=0",
					"JucePlugin_Build_AUv3=0",
					"JucePlugin_Build_RTAS=0",
					"JucePlugin_Build_AAX=0",
					"JucePlugin_Build_Standalone=1",
					"JucePlugin_Build_Unity=0",
				);
				GCC_SYMBOLS_PRIVATE_EXTERN = YES;
				GCC_VERSION = com.apple.compilers.llvm.clang.1_0;
				HEADER_SEARCH_PATHS = (
					/Applications/JUCE/modules/juce_audio_processors/format_types/VST3_SDK,
					"../../../../magical8bitPlug-misc/VST_SDK/VST2_SDK",
					../../JuceLibraryCode,
					/Applications/JUCE/modules,
					/Applications/JUCE/modules/juce_audio_plugin_client,
					"$(inherited)",
				);
				INFOPLIST_FILE = "Info-Standalone_Plugin.plist";
				INFOPLIST_PREPROCESS = NO;
				LLVM_LTO = YES;
				MACOSX_DEPLOYMENT_TARGET = 10.11;
				OTHER_CODE_SIGN_FLAGS = "--timestamp";
				OTHER_LDFLAGS = "-lMagical8bitPlug2";
				PRODUCT_BUNDLE_IDENTIFIER = com.ymck.magical8bitPlug2Juce;
				PRODUCT_NAME = Magical8bitPlug2;
				PROVISIONING_PROFILE_SPECIFIER = "";
				USE_HEADERMAP = NO;
			};
			name = Release;
		};
		59DA9D70A2A2B3FF6D978C96 /* Debug */ = {
			isa = XCBuildConfiguration;
			buildSettings = {
				CLANG_CXX_LANGUAGE_STANDARD = "c++14";
				CLANG_CXX_LIBRARY = "libc++";
				CLANG_LINK_OBJC_RUNTIME = NO;
				CODE_SIGN_ENTITLEMENTS = Magical8bitPlug2.entitlements;
				CODE_SIGN_IDENTITY = "Developer ID Application";
				CODE_SIGN_STYLE = Manual;
				COMBINE_HIDPI_IMAGES = YES;
				CONFIGURATION_BUILD_DIR = "$(PROJECT_DIR)/build/$(CONFIGURATION)";
				COPY_PHASE_STRIP = NO;
				DEPLOYMENT_LOCATION = YES;
				DEVELOPMENT_TEAM = 2Z7AZ9RMWS;
				DSTROOT = /;
				ENABLE_HARDENED_RUNTIME = YES;
				GCC_DYNAMIC_NO_PIC = NO;
				GCC_OPTIMIZATION_LEVEL = 0;
				GCC_PREPROCESSOR_DEFINITIONS = (
					"_DEBUG=1",
					"DEBUG=1",
					"JUCER_XCODE_MAC_F6D2F4CF=1",
					"JUCE_APP_VERSION=1.0.0",
					"JUCE_APP_VERSION_HEX=0x10000",
					"JucePlugin_Build_VST=1",
					"JucePlugin_Build_VST3=0",
					"JucePlugin_Build_AU=0",
					"JucePlugin_Build_AUv3=0",
					"JucePlugin_Build_RTAS=0",
					"JucePlugin_Build_AAX=0",
					"JucePlugin_Build_Standalone=0",
					"JucePlugin_Build_Unity=0",
				);
				GCC_VERSION = com.apple.compilers.llvm.clang.1_0;
				GENERATE_PKGINFO_FILE = YES;
				HEADER_SEARCH_PATHS = (
					/Applications/JUCE/modules/juce_audio_processors/format_types/VST3_SDK,
					"../../../../magical8bitPlug-misc/VST_SDK/VST2_SDK",
					../../JuceLibraryCode,
					/Applications/JUCE/modules,
					/Applications/JUCE/modules/juce_audio_plugin_client,
					"$(inherited)",
				);
				INFOPLIST_FILE = "Info-VST.plist";
				INFOPLIST_PREPROCESS = NO;
				INSTALL_PATH = "$(HOME)/Library/Audio/Plug-Ins/VST/";
				LIBRARY_STYLE = Bundle;
				MACOSX_DEPLOYMENT_TARGET = 10.11;
				OTHER_CODE_SIGN_FLAGS = "--timestamp";
				OTHER_LDFLAGS = (
					"-bundle",
					"-lMagical8bitPlug2",
				);
				PRODUCT_BUNDLE_IDENTIFIER = com.ymck.magical8bitPlug2Juce;
				PRODUCT_NAME = Magical8bitPlug2;
				PROVISIONING_PROFILE_SPECIFIER = "";
				USE_HEADERMAP = NO;
				WRAPPER_EXTENSION = vst;
			};
			name = Debug;
		};
		6105783A4613DD9F4BC1C578 /* Debug */ = {
			isa = XCBuildConfiguration;
			buildSettings = {
				CLANG_CXX_LANGUAGE_STANDARD = "c++14";
				CLANG_CXX_LIBRARY = "libc++";
				CLANG_LINK_OBJC_RUNTIME = NO;
				CODE_SIGN_ENTITLEMENTS = Magical8bitPlug2.entitlements;
				CODE_SIGN_IDENTITY = "Developer ID Application";
				CODE_SIGN_STYLE = Manual;
				COMBINE_HIDPI_IMAGES = YES;
				CONFIGURATION_BUILD_DIR = "$(PROJECT_DIR)/build/$(CONFIGURATION)";
				COPY_PHASE_STRIP = NO;
				DEVELOPMENT_TEAM = 2Z7AZ9RMWS;
				ENABLE_HARDENED_RUNTIME = YES;
				GCC_DYNAMIC_NO_PIC = NO;
				GCC_OPTIMIZATION_LEVEL = 0;
				GCC_PREPROCESSOR_DEFINITIONS = (
					"_DEBUG=1",
					"DEBUG=1",
					"JUCER_XCODE_MAC_F6D2F4CF=1",
					"JUCE_APP_VERSION=1.0.0",
					"JUCE_APP_VERSION_HEX=0x10000",
					"JucePlugin_Build_VST=0",
					"JucePlugin_Build_VST3=0",
					"JucePlugin_Build_AU=0",
					"JucePlugin_Build_AUv3=0",
					"JucePlugin_Build_RTAS=0",
					"JucePlugin_Build_AAX=0",
					"JucePlugin_Build_Standalone=1",
					"JucePlugin_Build_Unity=0",
				);
				GCC_VERSION = com.apple.compilers.llvm.clang.1_0;
				HEADER_SEARCH_PATHS = (
					/Applications/JUCE/modules/juce_audio_processors/format_types/VST3_SDK,
					"../../../../magical8bitPlug-misc/VST_SDK/VST2_SDK",
					../../JuceLibraryCode,
					/Applications/JUCE/modules,
					/Applications/JUCE/modules/juce_audio_plugin_client,
					"$(inherited)",
				);
				INFOPLIST_FILE = "Info-Standalone_Plugin.plist";
				INFOPLIST_PREPROCESS = NO;
				MACOSX_DEPLOYMENT_TARGET = 10.11;
				OTHER_CODE_SIGN_FLAGS = "--timestamp";
				OTHER_LDFLAGS = "-lMagical8bitPlug2";
				PRODUCT_BUNDLE_IDENTIFIER = com.ymck.magical8bitPlug2Juce;
				PRODUCT_NAME = Magical8bitPlug2;
				PROVISIONING_PROFILE_SPECIFIER = "";
				USE_HEADERMAP = NO;
			};
			name = Debug;
		};
		6658955607EA347FE6576038 /* Debug */ = {
			isa = XCBuildConfiguration;
			buildSettings = {
				CLANG_CXX_LANGUAGE_STANDARD = "c++14";
				CLANG_CXX_LIBRARY = "libc++";
				CLANG_LINK_OBJC_RUNTIME = NO;
				CODE_SIGN_ENTITLEMENTS = Magical8bitPlug2.entitlements;
				CODE_SIGN_IDENTITY = "Developer ID Application";
				CODE_SIGN_STYLE = Manual;
				COMBINE_HIDPI_IMAGES = YES;
				CONFIGURATION_BUILD_DIR = "$(PROJECT_DIR)/build/$(CONFIGURATION)";
				COPY_PHASE_STRIP = NO;
				DEPLOYMENT_LOCATION = YES;
				DEVELOPMENT_TEAM = 2Z7AZ9RMWS;
				DSTROOT = /;
				ENABLE_HARDENED_RUNTIME = YES;
				GCC_DYNAMIC_NO_PIC = NO;
				GCC_OPTIMIZATION_LEVEL = 0;
				GCC_PREPROCESSOR_DEFINITIONS = (
					"_DEBUG=1",
					"DEBUG=1",
					"JUCER_XCODE_MAC_F6D2F4CF=1",
					"JUCE_APP_VERSION=1.0.0",
					"JUCE_APP_VERSION_HEX=0x10000",
					"JucePlugin_Build_VST=0",
					"JucePlugin_Build_VST3=1",
					"JucePlugin_Build_AU=0",
					"JucePlugin_Build_AUv3=0",
					"JucePlugin_Build_RTAS=0",
					"JucePlugin_Build_AAX=0",
					"JucePlugin_Build_Standalone=0",
					"JucePlugin_Build_Unity=0",
				);
				GCC_VERSION = com.apple.compilers.llvm.clang.1_0;
				GENERATE_PKGINFO_FILE = YES;
				HEADER_SEARCH_PATHS = (
					/Applications/JUCE/modules/juce_audio_processors/format_types/VST3_SDK,
					"../../../../magical8bitPlug-misc/VST_SDK/VST2_SDK",
					../../JuceLibraryCode,
					/Applications/JUCE/modules,
					/Applications/JUCE/modules/juce_audio_plugin_client,
					"$(inherited)",
				);
				INFOPLIST_FILE = "Info-VST3.plist";
				INFOPLIST_PREPROCESS = NO;
				INSTALL_PATH = "$(HOME)/Library/Audio/Plug-Ins/VST3/";
				LIBRARY_STYLE = Bundle;
				MACOSX_DEPLOYMENT_TARGET = 10.11;
				OTHER_CODE_SIGN_FLAGS = "--timestamp";
				OTHER_LDFLAGS = (
					"-bundle",
					"-lMagical8bitPlug2",
				);
				PRODUCT_BUNDLE_IDENTIFIER = com.ymck.magical8bitPlug2Juce;
				PRODUCT_NAME = Magical8bitPlug2;
				PROVISIONING_PROFILE_SPECIFIER = "";
				USE_HEADERMAP = NO;
				WRAPPER_EXTENSION = vst3;
			};
			name = Debug;
		};
		747C8B5C429337AB727EA16F /* Debug */ = {
			isa = XCBuildConfiguration;
			buildSettings = {
				CLANG_CXX_LANGUAGE_STANDARD = "c++14";
				CLANG_CXX_LIBRARY = "libc++";
				CLANG_LINK_OBJC_RUNTIME = NO;
				CODE_SIGN_ENTITLEMENTS = Magical8bitPlug2.entitlements;
				CODE_SIGN_IDENTITY = "Developer ID Application";
				CODE_SIGN_STYLE = Manual;
				COMBINE_HIDPI_IMAGES = YES;
				CONFIGURATION_BUILD_DIR = "$(PROJECT_DIR)/build/$(CONFIGURATION)";
				COPY_PHASE_STRIP = NO;
				DEPLOYMENT_LOCATION = YES;
				DEVELOPMENT_TEAM = 2Z7AZ9RMWS;
				DSTROOT = /;
				ENABLE_HARDENED_RUNTIME = YES;
				GCC_DYNAMIC_NO_PIC = NO;
				GCC_OPTIMIZATION_LEVEL = 0;
				GCC_PREPROCESSOR_DEFINITIONS = (
					"_DEBUG=1",
					"DEBUG=1",
					"JUCER_XCODE_MAC_F6D2F4CF=1",
					"JUCE_APP_VERSION=1.0.0",
					"JUCE_APP_VERSION_HEX=0x10000",
					"JucePlugin_Build_VST=0",
					"JucePlugin_Build_VST3=0",
					"JucePlugin_Build_AU=1",
					"JucePlugin_Build_AUv3=0",
					"JucePlugin_Build_RTAS=0",
					"JucePlugin_Build_AAX=0",
					"JucePlugin_Build_Standalone=0",
					"JucePlugin_Build_Unity=0",
				);
				GCC_VERSION = com.apple.compilers.llvm.clang.1_0;
				GENERATE_PKGINFO_FILE = YES;
				HEADER_SEARCH_PATHS = (
					/Applications/JUCE/modules/juce_audio_processors/format_types/VST3_SDK,
					"../../../../magical8bitPlug-misc/VST_SDK/VST2_SDK",
					../../JuceLibraryCode,
					/Applications/JUCE/modules,
					/Applications/JUCE/modules/juce_audio_plugin_client,
					"$(inherited)",
				);
				INFOPLIST_FILE = "Info-AU.plist";
				INFOPLIST_PREPROCESS = NO;
				INSTALL_PATH = "$(HOME)/Library/Audio/Plug-Ins/Components/";
				LIBRARY_STYLE = Bundle;
				MACOSX_DEPLOYMENT_TARGET = 10.11;
				OTHER_CODE_SIGN_FLAGS = "--timestamp";
				OTHER_LDFLAGS = (
					"-bundle",
					"-lMagical8bitPlug2",
				);
				OTHER_REZFLAGS = "-d ppc_$ppc -d i386_$i386 -d ppc64_$ppc64 -d x86_64_$x86_64 -I /System/Library/Frameworks/CoreServices.framework/Frameworks/CarbonCore.framework/Versions/A/Headers -I \"$(DEVELOPER_DIR)/Extras/CoreAudio/AudioUnits/AUPublic/AUBase\" -I \"$(DEVELOPER_DIR)/Platforms/MacOSX.platform/Developer/SDKs/MacOSX.sdk/System/Library/Frameworks/AudioUnit.framework/Headers\"";
				PRODUCT_BUNDLE_IDENTIFIER = com.ymck.magical8bitPlug2Juce;
				PRODUCT_NAME = Magical8bitPlug2;
				PROVISIONING_PROFILE_SPECIFIER = "";
				USE_HEADERMAP = NO;
				WRAPPER_EXTENSION = component;
			};
			name = Debug;
		};
		899CE5F34DF690749A3381A5 /* Release */ = {
			isa = XCBuildConfiguration;
			buildSettings = {
				CLANG_CXX_LANGUAGE_STANDARD = "c++14";
				CLANG_CXX_LIBRARY = "libc++";
				CLANG_LINK_OBJC_RUNTIME = NO;
				CODE_SIGN_ENTITLEMENTS = Magical8bitPlug2.entitlements;
				CODE_SIGN_IDENTITY = "Developer ID Application";
				CODE_SIGN_STYLE = Manual;
				COMBINE_HIDPI_IMAGES = YES;
				CONFIGURATION_BUILD_DIR = "$(PROJECT_DIR)/build/$(CONFIGURATION)";
				DEAD_CODE_STRIPPING = YES;
				DEPLOYMENT_LOCATION = YES;
				DEVELOPMENT_TEAM = 2Z7AZ9RMWS;
				DSTROOT = /;
				ENABLE_HARDENED_RUNTIME = YES;
				GCC_GENERATE_DEBUGGING_SYMBOLS = NO;
				GCC_OPTIMIZATION_LEVEL = 3;
				GCC_PREPROCESSOR_DEFINITIONS = (
					"_NDEBUG=1",
					"NDEBUG=1",
					"JUCER_XCODE_MAC_F6D2F4CF=1",
					"JUCE_APP_VERSION=1.0.0",
					"JUCE_APP_VERSION_HEX=0x10000",
					"JucePlugin_Build_VST=1",
					"JucePlugin_Build_VST3=0",
					"JucePlugin_Build_AU=0",
					"JucePlugin_Build_AUv3=0",
					"JucePlugin_Build_RTAS=0",
					"JucePlugin_Build_AAX=0",
					"JucePlugin_Build_Standalone=0",
					"JucePlugin_Build_Unity=0",
				);
				GCC_SYMBOLS_PRIVATE_EXTERN = YES;
				GCC_VERSION = com.apple.compilers.llvm.clang.1_0;
				GENERATE_PKGINFO_FILE = YES;
				HEADER_SEARCH_PATHS = (
					/Applications/JUCE/modules/juce_audio_processors/format_types/VST3_SDK,
					"../../../../magical8bitPlug-misc/VST_SDK/VST2_SDK",
					../../JuceLibraryCode,
					/Applications/JUCE/modules,
					/Applications/JUCE/modules/juce_audio_plugin_client,
					"$(inherited)",
				);
				INFOPLIST_FILE = "Info-VST.plist";
				INFOPLIST_PREPROCESS = NO;
				INSTALL_PATH = "$(HOME)/Library/Audio/Plug-Ins/VST/";
				LIBRARY_STYLE = Bundle;
				LLVM_LTO = YES;
				MACOSX_DEPLOYMENT_TARGET = 10.11;
				OTHER_CODE_SIGN_FLAGS = "--timestamp";
				OTHER_LDFLAGS = (
					"-bundle",
					"-lMagical8bitPlug2",
				);
				PRODUCT_BUNDLE_IDENTIFIER = com.ymck.magical8bitPlug2Juce;
				PRODUCT_NAME = Magical8bitPlug2;
				PROVISIONING_PROFILE_SPECIFIER = "";
				USE_HEADERMAP = NO;
				WRAPPER_EXTENSION = vst;
			};
			name = Release;
		};
		9826187FCD46344AEAA954D8 /* Release */ = {
			isa = XCBuildConfiguration;
			buildSettings = {
				CLANG_CXX_LANGUAGE_STANDARD = "c++14";
				CLANG_CXX_LIBRARY = "libc++";
				CLANG_LINK_OBJC_RUNTIME = NO;
				CODE_SIGN_ENTITLEMENTS = Magical8bitPlug2.entitlements;
				CODE_SIGN_IDENTITY = "Developer ID Application";
				CODE_SIGN_STYLE = Manual;
				COMBINE_HIDPI_IMAGES = YES;
				CONFIGURATION_BUILD_DIR = "$(PROJECT_DIR)/build/$(CONFIGURATION)";
				DEAD_CODE_STRIPPING = YES;
				DEPLOYMENT_LOCATION = YES;
				DEVELOPMENT_TEAM = 2Z7AZ9RMWS;
				DSTROOT = /;
				ENABLE_HARDENED_RUNTIME = YES;
				GCC_GENERATE_DEBUGGING_SYMBOLS = NO;
				GCC_OPTIMIZATION_LEVEL = 3;
				GCC_PREPROCESSOR_DEFINITIONS = (
					"_NDEBUG=1",
					"NDEBUG=1",
					"JUCER_XCODE_MAC_F6D2F4CF=1",
					"JUCE_APP_VERSION=1.0.0",
					"JUCE_APP_VERSION_HEX=0x10000",
					"JucePlugin_Build_VST=0",
					"JucePlugin_Build_VST3=0",
					"JucePlugin_Build_AU=1",
					"JucePlugin_Build_AUv3=0",
					"JucePlugin_Build_RTAS=0",
					"JucePlugin_Build_AAX=0",
					"JucePlugin_Build_Standalone=0",
					"JucePlugin_Build_Unity=0",
				);
				GCC_SYMBOLS_PRIVATE_EXTERN = YES;
				GCC_VERSION = com.apple.compilers.llvm.clang.1_0;
				GENERATE_PKGINFO_FILE = YES;
				HEADER_SEARCH_PATHS = (
					/Applications/JUCE/modules/juce_audio_processors/format_types/VST3_SDK,
					"../../../../magical8bitPlug-misc/VST_SDK/VST2_SDK",
					../../JuceLibraryCode,
					/Applications/JUCE/modules,
					/Applications/JUCE/modules/juce_audio_plugin_client,
					"$(inherited)",
				);
				INFOPLIST_FILE = "Info-AU.plist";
				INFOPLIST_PREPROCESS = NO;
				INSTALL_PATH = "$(HOME)/Library/Audio/Plug-Ins/Components/";
				LIBRARY_STYLE = Bundle;
				LLVM_LTO = YES;
				MACOSX_DEPLOYMENT_TARGET = 10.11;
				OTHER_CODE_SIGN_FLAGS = "--timestamp";
				OTHER_LDFLAGS = (
					"-bundle",
					"-lMagical8bitPlug2",
				);
				OTHER_REZFLAGS = "-d ppc_$ppc -d i386_$i386 -d ppc64_$ppc64 -d x86_64_$x86_64 -I /System/Library/Frameworks/CoreServices.framework/Frameworks/CarbonCore.framework/Versions/A/Headers -I \"$(DEVELOPER_DIR)/Extras/CoreAudio/AudioUnits/AUPublic/AUBase\" -I \"$(DEVELOPER_DIR)/Platforms/MacOSX.platform/Developer/SDKs/MacOSX.sdk/System/Library/Frameworks/AudioUnit.framework/Headers\"";
				PRODUCT_BUNDLE_IDENTIFIER = com.ymck.magical8bitPlug2Juce;
				PRODUCT_NAME = Magical8bitPlug2;
				PROVISIONING_PROFILE_SPECIFIER = "";
				USE_HEADERMAP = NO;
				WRAPPER_EXTENSION = component;
			};
			name = Release;
		};
		D467A766B06B9C2A4A6F0F27 /* Release */ = {
			isa = XCBuildConfiguration;
			buildSettings = {
				CLANG_CXX_LANGUAGE_STANDARD = "c++14";
				CLANG_CXX_LIBRARY = "libc++";
				CLANG_LINK_OBJC_RUNTIME = NO;
				CODE_SIGN_ENTITLEMENTS = Shared_Code.entitlements;
				CODE_SIGN_IDENTITY = "Developer ID Application";
				COMBINE_HIDPI_IMAGES = YES;
				CONFIGURATION_BUILD_DIR = "$(PROJECT_DIR)/build/$(CONFIGURATION)";
				DEAD_CODE_STRIPPING = YES;
				ENABLE_HARDENED_RUNTIME = YES;
				GCC_GENERATE_DEBUGGING_SYMBOLS = NO;
				GCC_OPTIMIZATION_LEVEL = 3;
				GCC_PREPROCESSOR_DEFINITIONS = (
					"_NDEBUG=1",
					"NDEBUG=1",
					"JUCER_XCODE_MAC_F6D2F4CF=1",
					"JUCE_APP_VERSION=1.0.0",
					"JUCE_APP_VERSION_HEX=0x10000",
					"JucePlugin_Build_VST=1",
					"JucePlugin_Build_VST3=1",
					"JucePlugin_Build_AU=1",
					"JucePlugin_Build_AUv3=0",
					"JucePlugin_Build_RTAS=0",
					"JucePlugin_Build_AAX=0",
					"JucePlugin_Build_Standalone=1",
					"JucePlugin_Build_Unity=0",
					"JUCE_SHARED_CODE=1",
				);
				GCC_SYMBOLS_PRIVATE_EXTERN = YES;
				GCC_VERSION = com.apple.compilers.llvm.clang.1_0;
				HEADER_SEARCH_PATHS = (
					/Applications/JUCE/modules/juce_audio_processors/format_types/VST3_SDK,
					"../../../../magical8bitPlug-misc/VST_SDK/VST2_SDK",
					../../JuceLibraryCode,
					/Applications/JUCE/modules,
					/Applications/JUCE/modules/juce_audio_plugin_client,
					"$(inherited)",
				);
				INSTALL_PATH = "@executable_path/../Frameworks";
				LLVM_LTO = YES;
				MACOSX_DEPLOYMENT_TARGET = 10.11;
				PRODUCT_BUNDLE_IDENTIFIER = com.ymck.magical8bitPlug2Juce;
				PRODUCT_NAME = Magical8bitPlug2;
				PROVISIONING_PROFILE_SPECIFIER = "";
				SKIP_INSTALL = YES;
				USE_HEADERMAP = NO;
			};
			name = Release;
		};
		D58394D1FF6758A2C4F56EDB /* Debug */ = {
			isa = XCBuildConfiguration;
			buildSettings = {
				ALWAYS_SEARCH_USER_PATHS = NO;
				CLANG_ENABLE_OBJC_WEAK = YES;
				CLANG_WARN_BLOCK_CAPTURE_AUTORELEASING = YES;
				CLANG_WARN_BOOL_CONVERSION = YES;
				CLANG_WARN_COMMA = YES;
				CLANG_WARN_CONSTANT_CONVERSION = YES;
				CLANG_WARN_DEPRECATED_OBJC_IMPLEMENTATIONS = YES;
				CLANG_WARN_EMPTY_BODY = YES;
				CLANG_WARN_ENUM_CONVERSION = YES;
				CLANG_WARN_INFINITE_RECURSION = YES;
				CLANG_WARN_INT_CONVERSION = YES;
				CLANG_WARN_NON_LITERAL_NULL_CONVERSION = YES;
				CLANG_WARN_OBJC_IMPLICIT_RETAIN_SELF = YES;
				CLANG_WARN_OBJC_LITERAL_CONVERSION = YES;
				CLANG_WARN_RANGE_LOOP_ANALYSIS = YES;
				CLANG_WARN_STRICT_PROTOTYPES = YES;
				CLANG_WARN_SUSPICIOUS_MOVE = YES;
				CLANG_WARN_UNREACHABLE_CODE = YES;
				CLANG_WARN__DUPLICATE_METHOD_MATCH = YES;
				CODE_SIGN_IDENTITY = "Developer ID Application";
				DEBUG_INFORMATION_FORMAT = dwarf;
				ENABLE_STRICT_OBJC_MSGSEND = YES;
				ENABLE_TESTABILITY = YES;
				GCC_C_LANGUAGE_STANDARD = c11;
				GCC_INLINES_ARE_PRIVATE_EXTERN = YES;
				GCC_MODEL_TUNING = G5;
				GCC_NO_COMMON_BLOCKS = YES;
				GCC_WARN_64_TO_32_BIT_CONVERSION = YES;
				GCC_WARN_ABOUT_RETURN_TYPE = YES;
				GCC_WARN_CHECK_SWITCH_STATEMENTS = YES;
				GCC_WARN_MISSING_PARENTHESES = YES;
				GCC_WARN_NON_VIRTUAL_DESTRUCTOR = YES;
				GCC_WARN_TYPECHECK_CALLS_TO_PRINTF = YES;
				GCC_WARN_UNDECLARED_SELECTOR = YES;
				GCC_WARN_UNINITIALIZED_AUTOS = YES;
				GCC_WARN_UNUSED_FUNCTION = YES;
				GCC_WARN_UNUSED_VARIABLE = YES;
				ONLY_ACTIVE_ARCH = YES;
				PRODUCT_NAME = Magical8bitPlug2;
				SDKROOT = macosx;
				WARNING_CFLAGS = "-Wreorder";
				ZERO_LINK = NO;
			};
			name = Debug;
		};
		E4B507E4FFFD3C61A656A94C /* Release */ = {
			isa = XCBuildConfiguration;
			buildSettings = {
				MACOSX_DEPLOYMENT_TARGET = 10.11;
				SDKROOT = macosx;
			};
			name = Release;
		};
		E4E1AE6236679B4A79DEF67C /* Debug */ = {
			isa = XCBuildConfiguration;
			buildSettings = {
				MACOSX_DEPLOYMENT_TARGET = 10.11;
				SDKROOT = macosx;
			};
			name = Debug;
		};
/* End XCBuildConfiguration section */

/* Begin XCConfigurationList section */
		5669A79A0F6E2FE4EADC7A9A /* Build configuration list for PBXAggregateTarget "Magical8bitPlug2 - All" */ = {
			isa = XCConfigurationList;
			buildConfigurations = (
				E4E1AE6236679B4A79DEF67C /* Debug */,
				E4B507E4FFFD3C61A656A94C /* Release */,
			);
			defaultConfigurationIsVisible = 0;
			defaultConfigurationName = Debug;
		};
		70A9EFC14F7163B4B6356C85 /* Build configuration list for PBXNativeTarget "Magical8bitPlug2 - Standalone Plugin" */ = {
			isa = XCConfigurationList;
			buildConfigurations = (
				6105783A4613DD9F4BC1C578 /* Debug */,
				29D09792891E4201CB8A7D94 /* Release */,
			);
			defaultConfigurationIsVisible = 0;
			defaultConfigurationName = Debug;
		};
		769D3BD7E2A371C812D180C8 /* Build configuration list for PBXProject "Magical8bitPlug2" */ = {
			isa = XCConfigurationList;
			buildConfigurations = (
				D58394D1FF6758A2C4F56EDB /* Debug */,
				19D8C4875FC39869F929D526 /* Release */,
			);
			defaultConfigurationIsVisible = 0;
			defaultConfigurationName = Debug;
		};
		A83526B54257E999D7318C84 /* Build configuration list for PBXNativeTarget "Magical8bitPlug2 - VST3" */ = {
			isa = XCConfigurationList;
			buildConfigurations = (
				6658955607EA347FE6576038 /* Debug */,
				02B56B82D274899CE7D92C4A /* Release */,
			);
			defaultConfigurationIsVisible = 0;
			defaultConfigurationName = Debug;
		};
		C9D8573384CEDBD24E1DB575 /* Build configuration list for PBXNativeTarget "Magical8bitPlug2 - Shared Code" */ = {
			isa = XCConfigurationList;
			buildConfigurations = (
				0981FCCB068ECCAD877CAAF1 /* Debug */,
				D467A766B06B9C2A4A6F0F27 /* Release */,
			);
			defaultConfigurationIsVisible = 0;
			defaultConfigurationName = Debug;
		};
		CE7AC5FBACC09FE269373205 /* Build configuration list for PBXNativeTarget "Magical8bitPlug2 - AU" */ = {
			isa = XCConfigurationList;
			buildConfigurations = (
				747C8B5C429337AB727EA16F /* Debug */,
				9826187FCD46344AEAA954D8 /* Release */,
			);
			defaultConfigurationIsVisible = 0;
			defaultConfigurationName = Debug;
		};
		FCA16FCB062E8C525E5EA80E /* Build configuration list for PBXNativeTarget "Magical8bitPlug2 - VST" */ = {
			isa = XCConfigurationList;
			buildConfigurations = (
				59DA9D70A2A2B3FF6D978C96 /* Debug */,
				899CE5F34DF690749A3381A5 /* Release */,
			);
			defaultConfigurationIsVisible = 0;
			defaultConfigurationName = Debug;
		};
/* End XCConfigurationList section */
	};
	rootObject = FB6EFE4C6F8351ACAA321332 /* Project object */;
}
